// !$*UTF8*$!
{
	archiveVersion = 1;
	classes = {
	};
	objectVersion = 46;
	objects = {

/* Begin PBXBuildFile section */
		BF2BF05A258447E5008EA8FE /* AppDelegate.m in Sources */ = {isa = PBXBuildFile; fileRef = BF2BF059258447E5008EA8FE /* AppDelegate.m */; };
		BF2BF05C258447E8008EA8FE /* Assets.xcassets in Resources */ = {isa = PBXBuildFile; fileRef = BF2BF05B258447E8008EA8FE /* Assets.xcassets */; };
		BF2BF05F258447E8008EA8FE /* MainMenu.xib in Resources */ = {isa = PBXBuildFile; fileRef = BF2BF05D258447E8008EA8FE /* MainMenu.xib */; };
		BF2BF062258447E8008EA8FE /* main.m in Sources */ = {isa = PBXBuildFile; fileRef = BF2BF061258447E8008EA8FE /* main.m */; };
		BF2BF06D258447E8008EA8FE /* ConsoleAppTests.m in Sources */ = {isa = PBXBuildFile; fileRef = BF2BF06C258447E8008EA8FE /* ConsoleAppTests.m */; };
		BF2BF078258447E9008EA8FE /* ConsoleAppUITests.m in Sources */ = {isa = PBXBuildFile; fileRef = BF2BF077258447E9008EA8FE /* ConsoleAppUITests.m */; };
		BF2BF0B525846192008EA8FE /* AppController.mm in Sources */ = {isa = PBXBuildFile; fileRef = BF2BF0B325846192008EA8FE /* AppController.mm */; };
		BF3766C825B86DF10034C20A /* libabsl_strings.a in Frameworks */ = {isa = PBXBuildFile; fileRef = BF37669825B86DEF0034C20A /* libabsl_strings.a */; };
		BF3766C925B86DF10034C20A /* libabsl_strings.a in Frameworks */ = {isa = PBXBuildFile; fileRef = BF37669825B86DEF0034C20A /* libabsl_strings.a */; };
		BF3766CA25B86DF10034C20A /* libre2.a in Frameworks */ = {isa = PBXBuildFile; fileRef = BF37669925B86DEF0034C20A /* libre2.a */; };
		BF3766CB25B86DF10034C20A /* libre2.a in Frameworks */ = {isa = PBXBuildFile; fileRef = BF37669925B86DEF0034C20A /* libre2.a */; };
		BF3766CC25B86DF10034C20A /* libabsl_malloc_internal.a in Frameworks */ = {isa = PBXBuildFile; fileRef = BF37669A25B86DEF0034C20A /* libabsl_malloc_internal.a */; };
		BF3766CD25B86DF10034C20A /* libabsl_malloc_internal.a in Frameworks */ = {isa = PBXBuildFile; fileRef = BF37669A25B86DEF0034C20A /* libabsl_malloc_internal.a */; };
		BF3766CE25B86DF10034C20A /* libabsl_stacktrace.a in Frameworks */ = {isa = PBXBuildFile; fileRef = BF37669B25B86DEF0034C20A /* libabsl_stacktrace.a */; };
		BF3766CF25B86DF10034C20A /* libabsl_stacktrace.a in Frameworks */ = {isa = PBXBuildFile; fileRef = BF37669B25B86DEF0034C20A /* libabsl_stacktrace.a */; };
		BF3766D025B86DF10034C20A /* libabsl_raw_logging_internal.a in Frameworks */ = {isa = PBXBuildFile; fileRef = BF37669C25B86DEF0034C20A /* libabsl_raw_logging_internal.a */; };
		BF3766D125B86DF10034C20A /* libabsl_raw_logging_internal.a in Frameworks */ = {isa = PBXBuildFile; fileRef = BF37669C25B86DEF0034C20A /* libabsl_raw_logging_internal.a */; };
		BF3766D225B86DF10034C20A /* libabsl_base.a in Frameworks */ = {isa = PBXBuildFile; fileRef = BF37669D25B86DEF0034C20A /* libabsl_base.a */; };
		BF3766D325B86DF10034C20A /* libabsl_base.a in Frameworks */ = {isa = PBXBuildFile; fileRef = BF37669D25B86DEF0034C20A /* libabsl_base.a */; };
		BF3766D425B86DF10034C20A /* libabsl_graphcycles_internal.a in Frameworks */ = {isa = PBXBuildFile; fileRef = BF37669E25B86DEF0034C20A /* libabsl_graphcycles_internal.a */; };
		BF3766D525B86DF10034C20A /* libabsl_graphcycles_internal.a in Frameworks */ = {isa = PBXBuildFile; fileRef = BF37669E25B86DEF0034C20A /* libabsl_graphcycles_internal.a */; };
		BF3766D625B86DF10034C20A /* libabsl_hash.a in Frameworks */ = {isa = PBXBuildFile; fileRef = BF37669F25B86DEF0034C20A /* libabsl_hash.a */; };
		BF3766D725B86DF10034C20A /* libabsl_hash.a in Frameworks */ = {isa = PBXBuildFile; fileRef = BF37669F25B86DEF0034C20A /* libabsl_hash.a */; };
		BF3766D825B86DF10034C20A /* libcares.a in Frameworks */ = {isa = PBXBuildFile; fileRef = BF3766A025B86DEF0034C20A /* libcares.a */; };
		BF3766D925B86DF10034C20A /* libcares.a in Frameworks */ = {isa = PBXBuildFile; fileRef = BF3766A025B86DEF0034C20A /* libcares.a */; };
		BF3766DA25B86DF10034C20A /* libabsl_cord.a in Frameworks */ = {isa = PBXBuildFile; fileRef = BF3766A125B86DEF0034C20A /* libabsl_cord.a */; };
		BF3766DB25B86DF10034C20A /* libabsl_cord.a in Frameworks */ = {isa = PBXBuildFile; fileRef = BF3766A125B86DEF0034C20A /* libabsl_cord.a */; };
		BF3766DC25B86DF10034C20A /* libgrpc.a in Frameworks */ = {isa = PBXBuildFile; fileRef = BF3766A225B86DEF0034C20A /* libgrpc.a */; };
		BF3766DD25B86DF10034C20A /* libgrpc.a in Frameworks */ = {isa = PBXBuildFile; fileRef = BF3766A225B86DEF0034C20A /* libgrpc.a */; };
		BF3766DE25B86DF10034C20A /* libgrpc++.a in Frameworks */ = {isa = PBXBuildFile; fileRef = BF3766A325B86DEF0034C20A /* libgrpc++.a */; };
		BF3766DF25B86DF10034C20A /* libgrpc++.a in Frameworks */ = {isa = PBXBuildFile; fileRef = BF3766A325B86DEF0034C20A /* libgrpc++.a */; };
		BF3766E025B86DF10034C20A /* libabsl_demangle_internal.a in Frameworks */ = {isa = PBXBuildFile; fileRef = BF3766A425B86DEF0034C20A /* libabsl_demangle_internal.a */; };
		BF3766E125B86DF10034C20A /* libabsl_demangle_internal.a in Frameworks */ = {isa = PBXBuildFile; fileRef = BF3766A425B86DEF0034C20A /* libabsl_demangle_internal.a */; };
		BF3766E225B86DF10034C20A /* libabsl_symbolize.a in Frameworks */ = {isa = PBXBuildFile; fileRef = BF3766A525B86DEF0034C20A /* libabsl_symbolize.a */; };
		BF3766E325B86DF10034C20A /* libabsl_symbolize.a in Frameworks */ = {isa = PBXBuildFile; fileRef = BF3766A525B86DEF0034C20A /* libabsl_symbolize.a */; };
		BF3766E425B86DF10034C20A /* libabsl_status.a in Frameworks */ = {isa = PBXBuildFile; fileRef = BF3766A625B86DEF0034C20A /* libabsl_status.a */; };
		BF3766E525B86DF10034C20A /* libabsl_status.a in Frameworks */ = {isa = PBXBuildFile; fileRef = BF3766A625B86DEF0034C20A /* libabsl_status.a */; };
		BF3766E625B86DF10034C20A /* libabsl_throw_delegate.a in Frameworks */ = {isa = PBXBuildFile; fileRef = BF3766A725B86DEF0034C20A /* libabsl_throw_delegate.a */; };
		BF3766E725B86DF10034C20A /* libabsl_throw_delegate.a in Frameworks */ = {isa = PBXBuildFile; fileRef = BF3766A725B86DEF0034C20A /* libabsl_throw_delegate.a */; };
		BF3766E825B86DF10034C20A /* libaddress_sorting.a in Frameworks */ = {isa = PBXBuildFile; fileRef = BF3766A825B86DF00034C20A /* libaddress_sorting.a */; };
		BF3766E925B86DF10034C20A /* libaddress_sorting.a in Frameworks */ = {isa = PBXBuildFile; fileRef = BF3766A825B86DF00034C20A /* libaddress_sorting.a */; };
		BF3766EA25B86DF10034C20A /* libabsl_bad_variant_access.a in Frameworks */ = {isa = PBXBuildFile; fileRef = BF3766A925B86DF00034C20A /* libabsl_bad_variant_access.a */; };
		BF3766EB25B86DF10034C20A /* libabsl_bad_variant_access.a in Frameworks */ = {isa = PBXBuildFile; fileRef = BF3766A925B86DF00034C20A /* libabsl_bad_variant_access.a */; };
		BF3766EC25B86DF10034C20A /* libgrpc_unsecure.a in Frameworks */ = {isa = PBXBuildFile; fileRef = BF3766AA25B86DF00034C20A /* libgrpc_unsecure.a */; };
		BF3766ED25B86DF10034C20A /* libgrpc_unsecure.a in Frameworks */ = {isa = PBXBuildFile; fileRef = BF3766AA25B86DF00034C20A /* libgrpc_unsecure.a */; };
		BF3766EE25B86DF10034C20A /* libcrypto.a in Frameworks */ = {isa = PBXBuildFile; fileRef = BF3766AB25B86DF00034C20A /* libcrypto.a */; };
		BF3766EF25B86DF10034C20A /* libcrypto.a in Frameworks */ = {isa = PBXBuildFile; fileRef = BF3766AB25B86DF00034C20A /* libcrypto.a */; };
		BF3766F025B86DF10034C20A /* libprotobuf.a in Frameworks */ = {isa = PBXBuildFile; fileRef = BF3766AC25B86DF00034C20A /* libprotobuf.a */; };
		BF3766F125B86DF10034C20A /* libprotobuf.a in Frameworks */ = {isa = PBXBuildFile; fileRef = BF3766AC25B86DF00034C20A /* libprotobuf.a */; };
		BF3766F225B86DF10034C20A /* libssl.a in Frameworks */ = {isa = PBXBuildFile; fileRef = BF3766AD25B86DF00034C20A /* libssl.a */; };
		BF3766F325B86DF10034C20A /* libssl.a in Frameworks */ = {isa = PBXBuildFile; fileRef = BF3766AD25B86DF00034C20A /* libssl.a */; };
		BF3766F425B86DF10034C20A /* libabsl_dynamic_annotations.a in Frameworks */ = {isa = PBXBuildFile; fileRef = BF3766AE25B86DF00034C20A /* libabsl_dynamic_annotations.a */; };
		BF3766F525B86DF10034C20A /* libabsl_dynamic_annotations.a in Frameworks */ = {isa = PBXBuildFile; fileRef = BF3766AE25B86DF00034C20A /* libabsl_dynamic_annotations.a */; };
		BF3766F625B86DF10034C20A /* libabsl_debugging_internal.a in Frameworks */ = {isa = PBXBuildFile; fileRef = BF3766AF25B86DF00034C20A /* libabsl_debugging_internal.a */; };
		BF3766F725B86DF10034C20A /* libabsl_debugging_internal.a in Frameworks */ = {isa = PBXBuildFile; fileRef = BF3766AF25B86DF00034C20A /* libabsl_debugging_internal.a */; };
		BF3766F825B86DF10034C20A /* libabsl_synchronization.a in Frameworks */ = {isa = PBXBuildFile; fileRef = BF3766B025B86DF00034C20A /* libabsl_synchronization.a */; };
		BF3766F925B86DF10034C20A /* libabsl_synchronization.a in Frameworks */ = {isa = PBXBuildFile; fileRef = BF3766B025B86DF00034C20A /* libabsl_synchronization.a */; };
		BF3766FA25B86DF10034C20A /* libgrpcpp_channelz.a in Frameworks */ = {isa = PBXBuildFile; fileRef = BF3766B125B86DF00034C20A /* libgrpcpp_channelz.a */; };
		BF3766FB25B86DF10034C20A /* libgrpcpp_channelz.a in Frameworks */ = {isa = PBXBuildFile; fileRef = BF3766B125B86DF00034C20A /* libgrpcpp_channelz.a */; };
		BF3766FC25B86DF10034C20A /* libabsl_str_format_internal.a in Frameworks */ = {isa = PBXBuildFile; fileRef = BF3766B225B86DF00034C20A /* libabsl_str_format_internal.a */; };
		BF3766FD25B86DF10034C20A /* libabsl_str_format_internal.a in Frameworks */ = {isa = PBXBuildFile; fileRef = BF3766B225B86DF00034C20A /* libabsl_str_format_internal.a */; };
		BF3766FE25B86DF10034C20A /* libabsl_civil_time.a in Frameworks */ = {isa = PBXBuildFile; fileRef = BF3766B325B86DF00034C20A /* libabsl_civil_time.a */; };
		BF3766FF25B86DF10034C20A /* libabsl_civil_time.a in Frameworks */ = {isa = PBXBuildFile; fileRef = BF3766B325B86DF00034C20A /* libabsl_civil_time.a */; };
		BF37670025B86DF10034C20A /* libabsl_exponential_biased.a in Frameworks */ = {isa = PBXBuildFile; fileRef = BF3766B425B86DF00034C20A /* libabsl_exponential_biased.a */; };
		BF37670125B86DF10034C20A /* libabsl_exponential_biased.a in Frameworks */ = {isa = PBXBuildFile; fileRef = BF3766B425B86DF00034C20A /* libabsl_exponential_biased.a */; };
		BF37670225B86DF10034C20A /* libabsl_city.a in Frameworks */ = {isa = PBXBuildFile; fileRef = BF3766B525B86DF00034C20A /* libabsl_city.a */; };
		BF37670325B86DF10034C20A /* libabsl_city.a in Frameworks */ = {isa = PBXBuildFile; fileRef = BF3766B525B86DF00034C20A /* libabsl_city.a */; };
		BF37670425B86DF10034C20A /* libabsl_raw_hash_set.a in Frameworks */ = {isa = PBXBuildFile; fileRef = BF3766B625B86DF00034C20A /* libabsl_raw_hash_set.a */; };
		BF37670525B86DF10034C20A /* libabsl_raw_hash_set.a in Frameworks */ = {isa = PBXBuildFile; fileRef = BF3766B625B86DF00034C20A /* libabsl_raw_hash_set.a */; };
		BF37670625B86DF10034C20A /* libabsl_time.a in Frameworks */ = {isa = PBXBuildFile; fileRef = BF3766B725B86DF00034C20A /* libabsl_time.a */; };
		BF37670725B86DF10034C20A /* libabsl_time.a in Frameworks */ = {isa = PBXBuildFile; fileRef = BF3766B725B86DF00034C20A /* libabsl_time.a */; };
		BF37670825B86DF10034C20A /* libgrpc_plugin_support.a in Frameworks */ = {isa = PBXBuildFile; fileRef = BF3766B825B86DF00034C20A /* libgrpc_plugin_support.a */; };
		BF37670925B86DF10034C20A /* libgrpc_plugin_support.a in Frameworks */ = {isa = PBXBuildFile; fileRef = BF3766B825B86DF00034C20A /* libgrpc_plugin_support.a */; };
		BF37670A25B86DF10034C20A /* libgrpc++_alts.a in Frameworks */ = {isa = PBXBuildFile; fileRef = BF3766B925B86DF00034C20A /* libgrpc++_alts.a */; };
		BF37670B25B86DF10034C20A /* libgrpc++_alts.a in Frameworks */ = {isa = PBXBuildFile; fileRef = BF3766B925B86DF00034C20A /* libgrpc++_alts.a */; };
		BF37670C25B86DF10034C20A /* libabsl_spinlock_wait.a in Frameworks */ = {isa = PBXBuildFile; fileRef = BF3766BA25B86DF10034C20A /* libabsl_spinlock_wait.a */; };
		BF37670D25B86DF10034C20A /* libabsl_spinlock_wait.a in Frameworks */ = {isa = PBXBuildFile; fileRef = BF3766BA25B86DF10034C20A /* libabsl_spinlock_wait.a */; };
		BF37670E25B86DF10034C20A /* libgrpc++_error_details.a in Frameworks */ = {isa = PBXBuildFile; fileRef = BF3766BB25B86DF10034C20A /* libgrpc++_error_details.a */; };
		BF37670F25B86DF10034C20A /* libgrpc++_error_details.a in Frameworks */ = {isa = PBXBuildFile; fileRef = BF3766BB25B86DF10034C20A /* libgrpc++_error_details.a */; };
		BF37671025B86DF10034C20A /* libgrpc++_reflection.a in Frameworks */ = {isa = PBXBuildFile; fileRef = BF3766BC25B86DF10034C20A /* libgrpc++_reflection.a */; };
		BF37671125B86DF10034C20A /* libgrpc++_reflection.a in Frameworks */ = {isa = PBXBuildFile; fileRef = BF3766BC25B86DF10034C20A /* libgrpc++_reflection.a */; };
		BF37671225B86DF10034C20A /* libgrpc++_unsecure.a in Frameworks */ = {isa = PBXBuildFile; fileRef = BF3766BD25B86DF10034C20A /* libgrpc++_unsecure.a */; };
		BF37671325B86DF10034C20A /* libgrpc++_unsecure.a in Frameworks */ = {isa = PBXBuildFile; fileRef = BF3766BD25B86DF10034C20A /* libgrpc++_unsecure.a */; };
		BF37671425B86DF10034C20A /* libabsl_int128.a in Frameworks */ = {isa = PBXBuildFile; fileRef = BF3766BE25B86DF10034C20A /* libabsl_int128.a */; };
		BF37671525B86DF10034C20A /* libabsl_int128.a in Frameworks */ = {isa = PBXBuildFile; fileRef = BF3766BE25B86DF10034C20A /* libabsl_int128.a */; };
		BF37671625B86DF10034C20A /* libabsl_strings_internal.a in Frameworks */ = {isa = PBXBuildFile; fileRef = BF3766BF25B86DF10034C20A /* libabsl_strings_internal.a */; };
		BF37671725B86DF10034C20A /* libabsl_strings_internal.a in Frameworks */ = {isa = PBXBuildFile; fileRef = BF3766BF25B86DF10034C20A /* libabsl_strings_internal.a */; };
		BF37671825B86DF10034C20A /* libgpr.a in Frameworks */ = {isa = PBXBuildFile; fileRef = BF3766C025B86DF10034C20A /* libgpr.a */; };
		BF37671925B86DF10034C20A /* libgpr.a in Frameworks */ = {isa = PBXBuildFile; fileRef = BF3766C025B86DF10034C20A /* libgpr.a */; };
		BF37671A25B86DF10034C20A /* libupb.a in Frameworks */ = {isa = PBXBuildFile; fileRef = BF3766C125B86DF10034C20A /* libupb.a */; };
		BF37671B25B86DF10034C20A /* libupb.a in Frameworks */ = {isa = PBXBuildFile; fileRef = BF3766C125B86DF10034C20A /* libupb.a */; };
		BF37671C25B86DF10034C20A /* libz.a in Frameworks */ = {isa = PBXBuildFile; fileRef = BF3766C225B86DF10034C20A /* libz.a */; };
		BF37671D25B86DF10034C20A /* libz.a in Frameworks */ = {isa = PBXBuildFile; fileRef = BF3766C225B86DF10034C20A /* libz.a */; };
		BF37671E25B86DF10034C20A /* libabsl_log_severity.a in Frameworks */ = {isa = PBXBuildFile; fileRef = BF3766C325B86DF10034C20A /* libabsl_log_severity.a */; };
		BF37671F25B86DF10034C20A /* libabsl_log_severity.a in Frameworks */ = {isa = PBXBuildFile; fileRef = BF3766C325B86DF10034C20A /* libabsl_log_severity.a */; };
		BF37672025B86DF10034C20A /* libprotoc.a in Frameworks */ = {isa = PBXBuildFile; fileRef = BF3766C425B86DF10034C20A /* libprotoc.a */; };
		BF37672125B86DF10034C20A /* libprotoc.a in Frameworks */ = {isa = PBXBuildFile; fileRef = BF3766C425B86DF10034C20A /* libprotoc.a */; };
		BF37672225B86DF10034C20A /* libabsl_hashtablez_sampler.a in Frameworks */ = {isa = PBXBuildFile; fileRef = BF3766C525B86DF10034C20A /* libabsl_hashtablez_sampler.a */; };
		BF37672325B86DF10034C20A /* libabsl_hashtablez_sampler.a in Frameworks */ = {isa = PBXBuildFile; fileRef = BF3766C525B86DF10034C20A /* libabsl_hashtablez_sampler.a */; };
		BF37672425B86DF10034C20A /* libabsl_bad_optional_access.a in Frameworks */ = {isa = PBXBuildFile; fileRef = BF3766C625B86DF10034C20A /* libabsl_bad_optional_access.a */; };
		BF37672525B86DF10034C20A /* libabsl_bad_optional_access.a in Frameworks */ = {isa = PBXBuildFile; fileRef = BF3766C625B86DF10034C20A /* libabsl_bad_optional_access.a */; };
		BF37672625B86DF10034C20A /* libabsl_time_zone.a in Frameworks */ = {isa = PBXBuildFile; fileRef = BF3766C725B86DF10034C20A /* libabsl_time_zone.a */; };
		BF37672725B86DF10034C20A /* libabsl_time_zone.a in Frameworks */ = {isa = PBXBuildFile; fileRef = BF3766C725B86DF10034C20A /* libabsl_time_zone.a */; };
		BF37672C25B9BC4D0034C20A /* libquill.a in Frameworks */ = {isa = PBXBuildFile; fileRef = BF37672B25B9BC4D0034C20A /* libquill.a */; };
		BF37672D25B9BC4D0034C20A /* libquill.a in Frameworks */ = {isa = PBXBuildFile; fileRef = BF37672B25B9BC4D0034C20A /* libquill.a */; };
		BF6EFCB725846B160068543D /* HorosServer.mm in Sources */ = {isa = PBXBuildFile; fileRef = BF4FD54D25768EC500246D66 /* HorosServer.mm */; };
		BF6EFCBC25846B1D0068543D /* horos.grpc.pb.cc in Sources */ = {isa = PBXBuildFile; fileRef = BF4FD52C25751EA700246D66 /* horos.grpc.pb.cc */; };
		BF6EFCC125846B210068543D /* horos.pb.cc in Sources */ = {isa = PBXBuildFile; fileRef = BF4FD52E25751EA700246D66 /* horos.pb.cc */; };
		BF6EFCC625846B340068543D /* ConsoleController.mm in Sources */ = {isa = PBXBuildFile; fileRef = BF4FD54025759DF100246D66 /* ConsoleController.mm */; };
		BF6EFCCB25846B390068543D /* ConsoleController.xib in Resources */ = {isa = PBXBuildFile; fileRef = BF4FD4DC2574432B00246D66 /* ConsoleController.xib */; };
		BF6EFCD025846B960068543D /* Cocoa.framework in Frameworks */ = {isa = PBXBuildFile; fileRef = 1058C7ADFEA557BF11CA2CBB /* Cocoa.framework */; };
		BF6EFD09258470700068543D /* Cocoa.framework in CopyFiles */ = {isa = PBXBuildFile; fileRef = 1058C7ADFEA557BF11CA2CBB /* Cocoa.framework */; settings = {ATTRIBUTES = (CodeSignOnCopy, RemoveHeadersOnCopy, ); }; };
		BF6EFD1C25847ED00068543D /* MockPyOsiriXIIFilter.mm in Sources */ = {isa = PBXBuildFile; fileRef = BF6EFD1A25847ED00068543D /* MockPyOsiriXIIFilter.mm */; };
		BF6EFD252584F4210068543D /* ServerManager.mm in Sources */ = {isa = PBXBuildFile; fileRef = BF2BF092258451B1008EA8FE /* ServerManager.mm */; };
		BF6EFDA22586BF5E0068543D /* pyosirix.png in Resources */ = {isa = PBXBuildFile; fileRef = BF6EFDA12586BF5E0068543D /* pyosirix.png */; };
		BF90A48825A270A80069D611 /* grpyOsiriX_Prefix.pch in Headers */ = {isa = PBXBuildFile; fileRef = 32DBCF630370AF2F00C91783 /* grpyOsiriX_Prefix.pch */; };
		BF90A48925A270A80069D611 /* horos.grpc.pb.h in Headers */ = {isa = PBXBuildFile; fileRef = BF4FD52F25751EA700246D66 /* horos.grpc.pb.h */; };
		BF90A48A25A270A80069D611 /* HorosServer.h in Headers */ = {isa = PBXBuildFile; fileRef = BF4FD54C25768EC500246D66 /* HorosServer.h */; };
		BF90A48B25A270A80069D611 /* ServerAdaptor.h in Headers */ = {isa = PBXBuildFile; fileRef = BF4FD571257868DC00246D66 /* ServerAdaptor.h */; };
		BF90A48C25A270A80069D611 /* horos.pb.h in Headers */ = {isa = PBXBuildFile; fileRef = BF4FD53025751EA700246D66 /* horos.pb.h */; };
		BF90A48D25A270A80069D611 /* ConsoleController.h in Headers */ = {isa = PBXBuildFile; fileRef = BF4FD4DA2574432B00246D66 /* ConsoleController.h */; };
		BF90A48E25A270A80069D611 /* grpyOsiriXFilter.h in Headers */ = {isa = PBXBuildFile; fileRef = ABA48A640680BB600089EB4F /* grpyOsiriXFilter.h */; };
		BF90A48F25A270A80069D611 /* ServerManager.h in Headers */ = {isa = PBXBuildFile; fileRef = BF2BF09C258451E2008EA8FE /* ServerManager.h */; };
		BF90A49125A270A80069D611 /* ConsoleController.xib in Resources */ = {isa = PBXBuildFile; fileRef = BF4FD4DC2574432B00246D66 /* ConsoleController.xib */; };
		BF90A49225A270A80069D611 /* InfoPlist.strings in Resources */ = {isa = PBXBuildFile; fileRef = 089C167DFE841241C02AAC07 /* InfoPlist.strings */; };
		BF90A49425A270A80069D611 /* grpyOsiriXFilter.mm in Sources */ = {isa = PBXBuildFile; fileRef = BF1975432562E0F6006C25B2 /* grpyOsiriXFilter.mm */; };
		BF90A49525A270A80069D611 /* HorosServer.mm in Sources */ = {isa = PBXBuildFile; fileRef = BF4FD54D25768EC500246D66 /* HorosServer.mm */; };
		BF90A49625A270A80069D611 /* ConsoleController.mm in Sources */ = {isa = PBXBuildFile; fileRef = BF4FD54025759DF100246D66 /* ConsoleController.mm */; };
		BF90A49725A270A80069D611 /* horos.grpc.pb.cc in Sources */ = {isa = PBXBuildFile; fileRef = BF4FD52C25751EA700246D66 /* horos.grpc.pb.cc */; };
		BF90A49825A270A80069D611 /* ServerManager.mm in Sources */ = {isa = PBXBuildFile; fileRef = BF2BF092258451B1008EA8FE /* ServerManager.mm */; };
		BF90A49925A270A80069D611 /* horos.pb.cc in Sources */ = {isa = PBXBuildFile; fileRef = BF4FD52E25751EA700246D66 /* horos.pb.cc */; };
		BF90A4BF25A270A80069D611 /* Cocoa.framework in Frameworks */ = {isa = PBXBuildFile; fileRef = 1058C7ADFEA557BF11CA2CBB /* Cocoa.framework */; };
		BF90A4C125A270A80069D611 /* OsiriXAPI.framework in Frameworks */ = {isa = PBXBuildFile; fileRef = 8420023112E829A200E1E9CE /* OsiriXAPI.framework */; settings = {ATTRIBUTES = (Weak, ); }; };
		BFF84EEE25AF5E1700726A17 /* libpng16.dylib in Frameworks */ = {isa = PBXBuildFile; fileRef = BFF84EED25AF5E1700726A17 /* libpng16.dylib */; };
		BFFEA17025C2FC5100D8A44A /* roi.pb.cc in Sources */ = {isa = PBXBuildFile; fileRef = BFFEA16E25C2FC5100D8A44A /* roi.pb.cc */; };
		BFFEA17125C2FC5100D8A44A /* roi.pb.h in Headers */ = {isa = PBXBuildFile; fileRef = BFFEA16F25C2FC5100D8A44A /* roi.pb.h */; };
		BFFEA17E25C4814C00D8A44A /* roi.pb.cc in Sources */ = {isa = PBXBuildFile; fileRef = BFFEA16E25C2FC5100D8A44A /* roi.pb.cc */; };
/* End PBXBuildFile section */

/* Begin PBXContainerItemProxy section */
		BF2BF069258447E8008EA8FE /* PBXContainerItemProxy */ = {
			isa = PBXContainerItemProxy;
			containerPortal = 089C1669FE841209C02AAC07 /* Project object */;
			proxyType = 1;
			remoteGlobalIDString = BF2BF055258447E5008EA8FE;
			remoteInfo = ConsoleApp;
		};
		BF2BF074258447E9008EA8FE /* PBXContainerItemProxy */ = {
			isa = PBXContainerItemProxy;
			containerPortal = 089C1669FE841209C02AAC07 /* Project object */;
			proxyType = 1;
			remoteGlobalIDString = BF2BF055258447E5008EA8FE;
			remoteInfo = ConsoleApp;
		};
/* End PBXContainerItemProxy section */

/* Begin PBXCopyFilesBuildPhase section */
		BF6EFD01258470590068543D /* CopyFiles */ = {
			isa = PBXCopyFilesBuildPhase;
			buildActionMask = 2147483647;
			dstPath = "";
			dstSubfolderSpec = 7;
			files = (
				BF6EFD09258470700068543D /* Cocoa.framework in CopyFiles */,
			);
			runOnlyForDeploymentPostprocessing = 0;
		};
		BF90A4D125A270A80069D611 /* CopyFiles */ = {
			isa = PBXCopyFilesBuildPhase;
			buildActionMask = 2147483647;
			dstPath = "";
			dstSubfolderSpec = 10;
			files = (
			);
			runOnlyForDeploymentPostprocessing = 0;
		};
/* End PBXCopyFilesBuildPhase section */

/* Begin PBXFileReference section */
		089C1672FE841209C02AAC07 /* Foundation.framework */ = {isa = PBXFileReference; lastKnownFileType = wrapper.framework; name = Foundation.framework; path = /System/Library/Frameworks/Foundation.framework; sourceTree = "<absolute>"; };
		089C167EFE841241C02AAC07 /* English */ = {isa = PBXFileReference; explicitFileType = text; fileEncoding = 10; lineEnding = 0; name = English; path = English.lproj/InfoPlist.strings; sourceTree = "<group>"; };
		089C167FFE841241C02AAC07 /* AppKit.framework */ = {isa = PBXFileReference; lastKnownFileType = wrapper.framework; name = AppKit.framework; path = /System/Library/Frameworks/AppKit.framework; sourceTree = "<absolute>"; };
		1058C7ADFEA557BF11CA2CBB /* Cocoa.framework */ = {isa = PBXFileReference; lastKnownFileType = wrapper.framework; name = Cocoa.framework; path = /System/Library/Frameworks/Cocoa.framework; sourceTree = "<absolute>"; };
		32DBCF630370AF2F00C91783 /* grpyOsiriX_Prefix.pch */ = {isa = PBXFileReference; fileEncoding = 4; lastKnownFileType = sourcecode.c.h; path = grpyOsiriX_Prefix.pch; sourceTree = "<group>"; };
		8420023112E829A200E1E9CE /* OsiriXAPI.framework */ = {isa = PBXFileReference; lastKnownFileType = wrapper.framework; path = OsiriXAPI.framework; sourceTree = "<group>"; };
		8D5B49B7048680CD000E48DA /* Info.plist */ = {isa = PBXFileReference; fileEncoding = 4; lastKnownFileType = text.plist.xml; path = Info.plist; sourceTree = "<group>"; };
		ABA48A640680BB600089EB4F /* grpyOsiriXFilter.h */ = {isa = PBXFileReference; fileEncoding = 30; lastKnownFileType = sourcecode.c.h; path = grpyOsiriXFilter.h; sourceTree = "<group>"; };
		BF1975432562E0F6006C25B2 /* grpyOsiriXFilter.mm */ = {isa = PBXFileReference; fileEncoding = 4; lastKnownFileType = sourcecode.cpp.objcpp; path = grpyOsiriXFilter.mm; sourceTree = "<group>"; };
		BF2BF056258447E5008EA8FE /* ConsoleApp.app */ = {isa = PBXFileReference; explicitFileType = wrapper.application; includeInIndex = 0; path = ConsoleApp.app; sourceTree = BUILT_PRODUCTS_DIR; };
		BF2BF058258447E5008EA8FE /* AppDelegate.h */ = {isa = PBXFileReference; lastKnownFileType = sourcecode.c.h; path = AppDelegate.h; sourceTree = "<group>"; };
		BF2BF059258447E5008EA8FE /* AppDelegate.m */ = {isa = PBXFileReference; lastKnownFileType = sourcecode.c.objc; path = AppDelegate.m; sourceTree = "<group>"; };
		BF2BF05B258447E8008EA8FE /* Assets.xcassets */ = {isa = PBXFileReference; lastKnownFileType = folder.assetcatalog; path = Assets.xcassets; sourceTree = "<group>"; };
		BF2BF05E258447E8008EA8FE /* Base */ = {isa = PBXFileReference; lastKnownFileType = file.xib; name = Base; path = Base.lproj/MainMenu.xib; sourceTree = "<group>"; };
		BF2BF060258447E8008EA8FE /* Info.plist */ = {isa = PBXFileReference; lastKnownFileType = text.plist.xml; path = Info.plist; sourceTree = "<group>"; };
		BF2BF061258447E8008EA8FE /* main.m */ = {isa = PBXFileReference; lastKnownFileType = sourcecode.c.objc; path = main.m; sourceTree = "<group>"; };
		BF2BF068258447E8008EA8FE /* ConsoleAppTests.xctest */ = {isa = PBXFileReference; explicitFileType = wrapper.cfbundle; includeInIndex = 0; path = ConsoleAppTests.xctest; sourceTree = BUILT_PRODUCTS_DIR; };
		BF2BF06C258447E8008EA8FE /* ConsoleAppTests.m */ = {isa = PBXFileReference; lastKnownFileType = sourcecode.c.objc; path = ConsoleAppTests.m; sourceTree = "<group>"; };
		BF2BF06E258447E8008EA8FE /* Info.plist */ = {isa = PBXFileReference; lastKnownFileType = text.plist.xml; path = Info.plist; sourceTree = "<group>"; };
		BF2BF073258447E8008EA8FE /* ConsoleAppUITests.xctest */ = {isa = PBXFileReference; explicitFileType = wrapper.cfbundle; includeInIndex = 0; path = ConsoleAppUITests.xctest; sourceTree = BUILT_PRODUCTS_DIR; };
		BF2BF077258447E9008EA8FE /* ConsoleAppUITests.m */ = {isa = PBXFileReference; lastKnownFileType = sourcecode.c.objc; path = ConsoleAppUITests.m; sourceTree = "<group>"; };
		BF2BF079258447E9008EA8FE /* Info.plist */ = {isa = PBXFileReference; lastKnownFileType = text.plist.xml; path = Info.plist; sourceTree = "<group>"; };
		BF2BF092258451B1008EA8FE /* ServerManager.mm */ = {isa = PBXFileReference; lastKnownFileType = sourcecode.cpp.objcpp; path = ServerManager.mm; sourceTree = "<group>"; };
		BF2BF09C258451E2008EA8FE /* ServerManager.h */ = {isa = PBXFileReference; lastKnownFileType = sourcecode.c.h; path = ServerManager.h; sourceTree = "<group>"; };
		BF2BF0B325846192008EA8FE /* AppController.mm */ = {isa = PBXFileReference; fileEncoding = 4; lastKnownFileType = sourcecode.cpp.objcpp; path = AppController.mm; sourceTree = "<group>"; };
		BF2BF0B425846192008EA8FE /* AppController.h */ = {isa = PBXFileReference; fileEncoding = 4; lastKnownFileType = sourcecode.c.h; path = AppController.h; sourceTree = "<group>"; };
		BF37669825B86DEF0034C20A /* libabsl_strings.a */ = {isa = PBXFileReference; lastKnownFileType = archive.ar; name = libabsl_strings.a; path = "grpc-1.34/grpc_libs/libabsl_strings.a"; sourceTree = "<group>"; };
		BF37669925B86DEF0034C20A /* libre2.a */ = {isa = PBXFileReference; lastKnownFileType = archive.ar; name = libre2.a; path = "grpc-1.34/grpc_libs/libre2.a"; sourceTree = "<group>"; };
		BF37669A25B86DEF0034C20A /* libabsl_malloc_internal.a */ = {isa = PBXFileReference; lastKnownFileType = archive.ar; name = libabsl_malloc_internal.a; path = "grpc-1.34/grpc_libs/libabsl_malloc_internal.a"; sourceTree = "<group>"; };
		BF37669B25B86DEF0034C20A /* libabsl_stacktrace.a */ = {isa = PBXFileReference; lastKnownFileType = archive.ar; name = libabsl_stacktrace.a; path = "grpc-1.34/grpc_libs/libabsl_stacktrace.a"; sourceTree = "<group>"; };
		BF37669C25B86DEF0034C20A /* libabsl_raw_logging_internal.a */ = {isa = PBXFileReference; lastKnownFileType = archive.ar; name = libabsl_raw_logging_internal.a; path = "grpc-1.34/grpc_libs/libabsl_raw_logging_internal.a"; sourceTree = "<group>"; };
		BF37669D25B86DEF0034C20A /* libabsl_base.a */ = {isa = PBXFileReference; lastKnownFileType = archive.ar; name = libabsl_base.a; path = "grpc-1.34/grpc_libs/libabsl_base.a"; sourceTree = "<group>"; };
		BF37669E25B86DEF0034C20A /* libabsl_graphcycles_internal.a */ = {isa = PBXFileReference; lastKnownFileType = archive.ar; name = libabsl_graphcycles_internal.a; path = "grpc-1.34/grpc_libs/libabsl_graphcycles_internal.a"; sourceTree = "<group>"; };
		BF37669F25B86DEF0034C20A /* libabsl_hash.a */ = {isa = PBXFileReference; lastKnownFileType = archive.ar; name = libabsl_hash.a; path = "grpc-1.34/grpc_libs/libabsl_hash.a"; sourceTree = "<group>"; };
		BF3766A025B86DEF0034C20A /* libcares.a */ = {isa = PBXFileReference; lastKnownFileType = archive.ar; name = libcares.a; path = "grpc-1.34/grpc_libs/libcares.a"; sourceTree = "<group>"; };
		BF3766A125B86DEF0034C20A /* libabsl_cord.a */ = {isa = PBXFileReference; lastKnownFileType = archive.ar; name = libabsl_cord.a; path = "grpc-1.34/grpc_libs/libabsl_cord.a"; sourceTree = "<group>"; };
		BF3766A225B86DEF0034C20A /* libgrpc.a */ = {isa = PBXFileReference; lastKnownFileType = archive.ar; name = libgrpc.a; path = "grpc-1.34/grpc_libs/libgrpc.a"; sourceTree = "<group>"; };
		BF3766A325B86DEF0034C20A /* libgrpc++.a */ = {isa = PBXFileReference; lastKnownFileType = archive.ar; name = "libgrpc++.a"; path = "grpc-1.34/grpc_libs/libgrpc++.a"; sourceTree = "<group>"; };
		BF3766A425B86DEF0034C20A /* libabsl_demangle_internal.a */ = {isa = PBXFileReference; lastKnownFileType = archive.ar; name = libabsl_demangle_internal.a; path = "grpc-1.34/grpc_libs/libabsl_demangle_internal.a"; sourceTree = "<group>"; };
		BF3766A525B86DEF0034C20A /* libabsl_symbolize.a */ = {isa = PBXFileReference; lastKnownFileType = archive.ar; name = libabsl_symbolize.a; path = "grpc-1.34/grpc_libs/libabsl_symbolize.a"; sourceTree = "<group>"; };
		BF3766A625B86DEF0034C20A /* libabsl_status.a */ = {isa = PBXFileReference; lastKnownFileType = archive.ar; name = libabsl_status.a; path = "grpc-1.34/grpc_libs/libabsl_status.a"; sourceTree = "<group>"; };
		BF3766A725B86DEF0034C20A /* libabsl_throw_delegate.a */ = {isa = PBXFileReference; lastKnownFileType = archive.ar; name = libabsl_throw_delegate.a; path = "grpc-1.34/grpc_libs/libabsl_throw_delegate.a"; sourceTree = "<group>"; };
		BF3766A825B86DF00034C20A /* libaddress_sorting.a */ = {isa = PBXFileReference; lastKnownFileType = archive.ar; name = libaddress_sorting.a; path = "grpc-1.34/grpc_libs/libaddress_sorting.a"; sourceTree = "<group>"; };
		BF3766A925B86DF00034C20A /* libabsl_bad_variant_access.a */ = {isa = PBXFileReference; lastKnownFileType = archive.ar; name = libabsl_bad_variant_access.a; path = "grpc-1.34/grpc_libs/libabsl_bad_variant_access.a"; sourceTree = "<group>"; };
		BF3766AA25B86DF00034C20A /* libgrpc_unsecure.a */ = {isa = PBXFileReference; lastKnownFileType = archive.ar; name = libgrpc_unsecure.a; path = "grpc-1.34/grpc_libs/libgrpc_unsecure.a"; sourceTree = "<group>"; };
		BF3766AB25B86DF00034C20A /* libcrypto.a */ = {isa = PBXFileReference; lastKnownFileType = archive.ar; name = libcrypto.a; path = "grpc-1.34/grpc_libs/libcrypto.a"; sourceTree = "<group>"; };
		BF3766AC25B86DF00034C20A /* libprotobuf.a */ = {isa = PBXFileReference; lastKnownFileType = archive.ar; name = libprotobuf.a; path = "grpc-1.34/grpc_libs/libprotobuf.a"; sourceTree = "<group>"; };
		BF3766AD25B86DF00034C20A /* libssl.a */ = {isa = PBXFileReference; lastKnownFileType = archive.ar; name = libssl.a; path = "grpc-1.34/grpc_libs/libssl.a"; sourceTree = "<group>"; };
		BF3766AE25B86DF00034C20A /* libabsl_dynamic_annotations.a */ = {isa = PBXFileReference; lastKnownFileType = archive.ar; name = libabsl_dynamic_annotations.a; path = "grpc-1.34/grpc_libs/libabsl_dynamic_annotations.a"; sourceTree = "<group>"; };
		BF3766AF25B86DF00034C20A /* libabsl_debugging_internal.a */ = {isa = PBXFileReference; lastKnownFileType = archive.ar; name = libabsl_debugging_internal.a; path = "grpc-1.34/grpc_libs/libabsl_debugging_internal.a"; sourceTree = "<group>"; };
		BF3766B025B86DF00034C20A /* libabsl_synchronization.a */ = {isa = PBXFileReference; lastKnownFileType = archive.ar; name = libabsl_synchronization.a; path = "grpc-1.34/grpc_libs/libabsl_synchronization.a"; sourceTree = "<group>"; };
		BF3766B125B86DF00034C20A /* libgrpcpp_channelz.a */ = {isa = PBXFileReference; lastKnownFileType = archive.ar; name = libgrpcpp_channelz.a; path = "grpc-1.34/grpc_libs/libgrpcpp_channelz.a"; sourceTree = "<group>"; };
		BF3766B225B86DF00034C20A /* libabsl_str_format_internal.a */ = {isa = PBXFileReference; lastKnownFileType = archive.ar; name = libabsl_str_format_internal.a; path = "grpc-1.34/grpc_libs/libabsl_str_format_internal.a"; sourceTree = "<group>"; };
		BF3766B325B86DF00034C20A /* libabsl_civil_time.a */ = {isa = PBXFileReference; lastKnownFileType = archive.ar; name = libabsl_civil_time.a; path = "grpc-1.34/grpc_libs/libabsl_civil_time.a"; sourceTree = "<group>"; };
		BF3766B425B86DF00034C20A /* libabsl_exponential_biased.a */ = {isa = PBXFileReference; lastKnownFileType = archive.ar; name = libabsl_exponential_biased.a; path = "grpc-1.34/grpc_libs/libabsl_exponential_biased.a"; sourceTree = "<group>"; };
		BF3766B525B86DF00034C20A /* libabsl_city.a */ = {isa = PBXFileReference; lastKnownFileType = archive.ar; name = libabsl_city.a; path = "grpc-1.34/grpc_libs/libabsl_city.a"; sourceTree = "<group>"; };
		BF3766B625B86DF00034C20A /* libabsl_raw_hash_set.a */ = {isa = PBXFileReference; lastKnownFileType = archive.ar; name = libabsl_raw_hash_set.a; path = "grpc-1.34/grpc_libs/libabsl_raw_hash_set.a"; sourceTree = "<group>"; };
		BF3766B725B86DF00034C20A /* libabsl_time.a */ = {isa = PBXFileReference; lastKnownFileType = archive.ar; name = libabsl_time.a; path = "grpc-1.34/grpc_libs/libabsl_time.a"; sourceTree = "<group>"; };
		BF3766B825B86DF00034C20A /* libgrpc_plugin_support.a */ = {isa = PBXFileReference; lastKnownFileType = archive.ar; name = libgrpc_plugin_support.a; path = "grpc-1.34/grpc_libs/libgrpc_plugin_support.a"; sourceTree = "<group>"; };
		BF3766B925B86DF00034C20A /* libgrpc++_alts.a */ = {isa = PBXFileReference; lastKnownFileType = archive.ar; name = "libgrpc++_alts.a"; path = "grpc-1.34/grpc_libs/libgrpc++_alts.a"; sourceTree = "<group>"; };
		BF3766BA25B86DF10034C20A /* libabsl_spinlock_wait.a */ = {isa = PBXFileReference; lastKnownFileType = archive.ar; name = libabsl_spinlock_wait.a; path = "grpc-1.34/grpc_libs/libabsl_spinlock_wait.a"; sourceTree = "<group>"; };
		BF3766BB25B86DF10034C20A /* libgrpc++_error_details.a */ = {isa = PBXFileReference; lastKnownFileType = archive.ar; name = "libgrpc++_error_details.a"; path = "grpc-1.34/grpc_libs/libgrpc++_error_details.a"; sourceTree = "<group>"; };
		BF3766BC25B86DF10034C20A /* libgrpc++_reflection.a */ = {isa = PBXFileReference; lastKnownFileType = archive.ar; name = "libgrpc++_reflection.a"; path = "grpc-1.34/grpc_libs/libgrpc++_reflection.a"; sourceTree = "<group>"; };
		BF3766BD25B86DF10034C20A /* libgrpc++_unsecure.a */ = {isa = PBXFileReference; lastKnownFileType = archive.ar; name = "libgrpc++_unsecure.a"; path = "grpc-1.34/grpc_libs/libgrpc++_unsecure.a"; sourceTree = "<group>"; };
		BF3766BE25B86DF10034C20A /* libabsl_int128.a */ = {isa = PBXFileReference; lastKnownFileType = archive.ar; name = libabsl_int128.a; path = "grpc-1.34/grpc_libs/libabsl_int128.a"; sourceTree = "<group>"; };
		BF3766BF25B86DF10034C20A /* libabsl_strings_internal.a */ = {isa = PBXFileReference; lastKnownFileType = archive.ar; name = libabsl_strings_internal.a; path = "grpc-1.34/grpc_libs/libabsl_strings_internal.a"; sourceTree = "<group>"; };
		BF3766C025B86DF10034C20A /* libgpr.a */ = {isa = PBXFileReference; lastKnownFileType = archive.ar; name = libgpr.a; path = "grpc-1.34/grpc_libs/libgpr.a"; sourceTree = "<group>"; };
		BF3766C125B86DF10034C20A /* libupb.a */ = {isa = PBXFileReference; lastKnownFileType = archive.ar; name = libupb.a; path = "grpc-1.34/grpc_libs/libupb.a"; sourceTree = "<group>"; };
		BF3766C225B86DF10034C20A /* libz.a */ = {isa = PBXFileReference; lastKnownFileType = archive.ar; name = libz.a; path = "grpc-1.34/grpc_libs/libz.a"; sourceTree = "<group>"; };
		BF3766C325B86DF10034C20A /* libabsl_log_severity.a */ = {isa = PBXFileReference; lastKnownFileType = archive.ar; name = libabsl_log_severity.a; path = "grpc-1.34/grpc_libs/libabsl_log_severity.a"; sourceTree = "<group>"; };
		BF3766C425B86DF10034C20A /* libprotoc.a */ = {isa = PBXFileReference; lastKnownFileType = archive.ar; name = libprotoc.a; path = "grpc-1.34/grpc_libs/libprotoc.a"; sourceTree = "<group>"; };
		BF3766C525B86DF10034C20A /* libabsl_hashtablez_sampler.a */ = {isa = PBXFileReference; lastKnownFileType = archive.ar; name = libabsl_hashtablez_sampler.a; path = "grpc-1.34/grpc_libs/libabsl_hashtablez_sampler.a"; sourceTree = "<group>"; };
		BF3766C625B86DF10034C20A /* libabsl_bad_optional_access.a */ = {isa = PBXFileReference; lastKnownFileType = archive.ar; name = libabsl_bad_optional_access.a; path = "grpc-1.34/grpc_libs/libabsl_bad_optional_access.a"; sourceTree = "<group>"; };
		BF3766C725B86DF10034C20A /* libabsl_time_zone.a */ = {isa = PBXFileReference; lastKnownFileType = archive.ar; name = libabsl_time_zone.a; path = "grpc-1.34/grpc_libs/libabsl_time_zone.a"; sourceTree = "<group>"; };
		BF37672B25B9BC4D0034C20A /* libquill.a */ = {isa = PBXFileReference; lastKnownFileType = archive.ar; path = libquill.a; sourceTree = "<group>"; };
		BF4FD4DA2574432B00246D66 /* ConsoleController.h */ = {isa = PBXFileReference; lastKnownFileType = sourcecode.c.h; path = ConsoleController.h; sourceTree = "<group>"; };
		BF4FD4DC2574432B00246D66 /* ConsoleController.xib */ = {isa = PBXFileReference; lastKnownFileType = file.xib; path = ConsoleController.xib; sourceTree = "<group>"; };
		BF4FD52C25751EA700246D66 /* horos.grpc.pb.cc */ = {isa = PBXFileReference; fileEncoding = 4; lastKnownFileType = sourcecode.cpp.cpp; name = horos.grpc.pb.cc; path = rpc/cpp/horos.grpc.pb.cc; sourceTree = "<group>"; };
		BF4FD52E25751EA700246D66 /* horos.pb.cc */ = {isa = PBXFileReference; fileEncoding = 4; lastKnownFileType = sourcecode.cpp.cpp; name = horos.pb.cc; path = rpc/cpp/horos.pb.cc; sourceTree = "<group>"; };
		BF4FD52F25751EA700246D66 /* horos.grpc.pb.h */ = {isa = PBXFileReference; fileEncoding = 4; lastKnownFileType = sourcecode.c.h; name = horos.grpc.pb.h; path = rpc/cpp/horos.grpc.pb.h; sourceTree = "<group>"; };
		BF4FD53025751EA700246D66 /* horos.pb.h */ = {isa = PBXFileReference; fileEncoding = 4; lastKnownFileType = sourcecode.c.h; name = horos.pb.h; path = rpc/cpp/horos.pb.h; sourceTree = "<group>"; };
		BF4FD54025759DF100246D66 /* ConsoleController.mm */ = {isa = PBXFileReference; fileEncoding = 4; lastKnownFileType = sourcecode.cpp.objcpp; path = ConsoleController.mm; sourceTree = "<group>"; };
		BF4FD54C25768EC500246D66 /* HorosServer.h */ = {isa = PBXFileReference; fileEncoding = 4; lastKnownFileType = sourcecode.c.h; path = HorosServer.h; sourceTree = "<group>"; };
		BF4FD54D25768EC500246D66 /* HorosServer.mm */ = {isa = PBXFileReference; fileEncoding = 4; lastKnownFileType = sourcecode.cpp.objcpp; path = HorosServer.mm; sourceTree = "<group>"; };
		BF4FD571257868DC00246D66 /* ServerAdaptor.h */ = {isa = PBXFileReference; fileEncoding = 4; lastKnownFileType = sourcecode.c.h; path = ServerAdaptor.h; sourceTree = "<group>"; };
		BF6EFD1A25847ED00068543D /* MockPyOsiriXIIFilter.mm */ = {isa = PBXFileReference; fileEncoding = 4; lastKnownFileType = sourcecode.cpp.objcpp; path = MockPyOsiriXIIFilter.mm; sourceTree = "<group>"; };
		BF6EFD1B25847ED00068543D /* MockPyOsiriXIIFilter.h */ = {isa = PBXFileReference; fileEncoding = 4; lastKnownFileType = sourcecode.c.h; path = MockPyOsiriXIIFilter.h; sourceTree = "<group>"; };
		BF6EFDA12586BF5E0068543D /* pyosirix.png */ = {isa = PBXFileReference; lastKnownFileType = image.png; path = pyosirix.png; sourceTree = "<group>"; };
		BF90A4D525A270A80069D611 /* grpyHoros.osirixplugin */ = {isa = PBXFileReference; explicitFileType = wrapper.cfbundle; includeInIndex = 0; path = grpyHoros.osirixplugin; sourceTree = BUILT_PRODUCTS_DIR; };
		BFF84EED25AF5E1700726A17 /* libpng16.dylib */ = {isa = PBXFileReference; lastKnownFileType = "compiled.mach-o.dylib"; path = libpng16.dylib; sourceTree = "<group>"; };
		BFFEA16E25C2FC5100D8A44A /* roi.pb.cc */ = {isa = PBXFileReference; fileEncoding = 4; lastKnownFileType = sourcecode.cpp.cpp; name = roi.pb.cc; path = rpc/cpp/roi.pb.cc; sourceTree = "<group>"; };
		BFFEA16F25C2FC5100D8A44A /* roi.pb.h */ = {isa = PBXFileReference; fileEncoding = 4; lastKnownFileType = sourcecode.c.h; name = roi.pb.h; path = rpc/cpp/roi.pb.h; sourceTree = "<group>"; };
/* End PBXFileReference section */

/* Begin PBXFrameworksBuildPhase section */
		BF2BF053258447E5008EA8FE /* Frameworks */ = {
			isa = PBXFrameworksBuildPhase;
			buildActionMask = 2147483647;
			files = (
				BF37671D25B86DF10034C20A /* libz.a in Frameworks */,
				BF3766FF25B86DF10034C20A /* libabsl_civil_time.a in Frameworks */,
				BF3766D325B86DF10034C20A /* libabsl_base.a in Frameworks */,
				BF3766F925B86DF10034C20A /* libabsl_synchronization.a in Frameworks */,
				BF3766F125B86DF10034C20A /* libprotobuf.a in Frameworks */,
				BF3766C925B86DF10034C20A /* libabsl_strings.a in Frameworks */,
				BF37671B25B86DF10034C20A /* libupb.a in Frameworks */,
				BF3766D525B86DF10034C20A /* libabsl_graphcycles_internal.a in Frameworks */,
				BFF84EEE25AF5E1700726A17 /* libpng16.dylib in Frameworks */,
				BF37672D25B9BC4D0034C20A /* libquill.a in Frameworks */,
				BF3766E525B86DF10034C20A /* libabsl_status.a in Frameworks */,
				BF37672725B86DF10034C20A /* libabsl_time_zone.a in Frameworks */,
				BF3766DD25B86DF10034C20A /* libgrpc.a in Frameworks */,
				BF37671125B86DF10034C20A /* libgrpc++_reflection.a in Frameworks */,
				BF3766EF25B86DF10034C20A /* libcrypto.a in Frameworks */,
				BF37671725B86DF10034C20A /* libabsl_strings_internal.a in Frameworks */,
				BF3766F325B86DF10034C20A /* libssl.a in Frameworks */,
				BF3766FD25B86DF10034C20A /* libabsl_str_format_internal.a in Frameworks */,
				BF3766F725B86DF10034C20A /* libabsl_debugging_internal.a in Frameworks */,
				BF3766D925B86DF10034C20A /* libcares.a in Frameworks */,
				BF37670725B86DF10034C20A /* libabsl_time.a in Frameworks */,
				BF37670F25B86DF10034C20A /* libgrpc++_error_details.a in Frameworks */,
				BF37670325B86DF10034C20A /* libabsl_city.a in Frameworks */,
				BF3766EB25B86DF10034C20A /* libabsl_bad_variant_access.a in Frameworks */,
				BF3766DB25B86DF10034C20A /* libabsl_cord.a in Frameworks */,
				BF37671F25B86DF10034C20A /* libabsl_log_severity.a in Frameworks */,
				BF3766E125B86DF10034C20A /* libabsl_demangle_internal.a in Frameworks */,
				BF37671325B86DF10034C20A /* libgrpc++_unsecure.a in Frameworks */,
				BF3766E325B86DF10034C20A /* libabsl_symbolize.a in Frameworks */,
				BF3766FB25B86DF10034C20A /* libgrpcpp_channelz.a in Frameworks */,
				BF37672325B86DF10034C20A /* libabsl_hashtablez_sampler.a in Frameworks */,
				BF37670D25B86DF10034C20A /* libabsl_spinlock_wait.a in Frameworks */,
				BF6EFCD025846B960068543D /* Cocoa.framework in Frameworks */,
				BF3766CD25B86DF10034C20A /* libabsl_malloc_internal.a in Frameworks */,
				BF3766CF25B86DF10034C20A /* libabsl_stacktrace.a in Frameworks */,
				BF37670125B86DF10034C20A /* libabsl_exponential_biased.a in Frameworks */,
				BF37671925B86DF10034C20A /* libgpr.a in Frameworks */,
				BF3766E925B86DF10034C20A /* libaddress_sorting.a in Frameworks */,
				BF37672525B86DF10034C20A /* libabsl_bad_optional_access.a in Frameworks */,
				BF3766D725B86DF10034C20A /* libabsl_hash.a in Frameworks */,
				BF37670B25B86DF10034C20A /* libgrpc++_alts.a in Frameworks */,
				BF37672125B86DF10034C20A /* libprotoc.a in Frameworks */,
				BF37670925B86DF10034C20A /* libgrpc_plugin_support.a in Frameworks */,
				BF3766DF25B86DF10034C20A /* libgrpc++.a in Frameworks */,
				BF3766F525B86DF10034C20A /* libabsl_dynamic_annotations.a in Frameworks */,
				BF37671525B86DF10034C20A /* libabsl_int128.a in Frameworks */,
				BF37670525B86DF10034C20A /* libabsl_raw_hash_set.a in Frameworks */,
				BF3766ED25B86DF10034C20A /* libgrpc_unsecure.a in Frameworks */,
				BF3766E725B86DF10034C20A /* libabsl_throw_delegate.a in Frameworks */,
				BF3766CB25B86DF10034C20A /* libre2.a in Frameworks */,
				BF3766D125B86DF10034C20A /* libabsl_raw_logging_internal.a in Frameworks */,
			);
			runOnlyForDeploymentPostprocessing = 0;
		};
		BF2BF065258447E8008EA8FE /* Frameworks */ = {
			isa = PBXFrameworksBuildPhase;
			buildActionMask = 2147483647;
			files = (
			);
			runOnlyForDeploymentPostprocessing = 0;
		};
		BF2BF070258447E8008EA8FE /* Frameworks */ = {
			isa = PBXFrameworksBuildPhase;
			buildActionMask = 2147483647;
			files = (
			);
			runOnlyForDeploymentPostprocessing = 0;
		};
		BF90A49A25A270A80069D611 /* Frameworks */ = {
			isa = PBXFrameworksBuildPhase;
			buildActionMask = 2147483647;
			files = (
				BF37671C25B86DF10034C20A /* libz.a in Frameworks */,
				BF3766FE25B86DF10034C20A /* libabsl_civil_time.a in Frameworks */,
				BF3766D225B86DF10034C20A /* libabsl_base.a in Frameworks */,
				BF3766F825B86DF10034C20A /* libabsl_synchronization.a in Frameworks */,
				BF3766F025B86DF10034C20A /* libprotobuf.a in Frameworks */,
				BF3766C825B86DF10034C20A /* libabsl_strings.a in Frameworks */,
				BF37671A25B86DF10034C20A /* libupb.a in Frameworks */,
				BF3766D425B86DF10034C20A /* libabsl_graphcycles_internal.a in Frameworks */,
				BF90A4BF25A270A80069D611 /* Cocoa.framework in Frameworks */,
				BF37672C25B9BC4D0034C20A /* libquill.a in Frameworks */,
				BF3766E425B86DF10034C20A /* libabsl_status.a in Frameworks */,
				BF37672625B86DF10034C20A /* libabsl_time_zone.a in Frameworks */,
				BF3766DC25B86DF10034C20A /* libgrpc.a in Frameworks */,
				BF37671025B86DF10034C20A /* libgrpc++_reflection.a in Frameworks */,
				BF3766EE25B86DF10034C20A /* libcrypto.a in Frameworks */,
				BF37671625B86DF10034C20A /* libabsl_strings_internal.a in Frameworks */,
				BF3766F225B86DF10034C20A /* libssl.a in Frameworks */,
				BF3766FC25B86DF10034C20A /* libabsl_str_format_internal.a in Frameworks */,
				BF3766F625B86DF10034C20A /* libabsl_debugging_internal.a in Frameworks */,
				BF3766D825B86DF10034C20A /* libcares.a in Frameworks */,
				BF37670625B86DF10034C20A /* libabsl_time.a in Frameworks */,
				BF37670E25B86DF10034C20A /* libgrpc++_error_details.a in Frameworks */,
				BF37670225B86DF10034C20A /* libabsl_city.a in Frameworks */,
				BF3766EA25B86DF10034C20A /* libabsl_bad_variant_access.a in Frameworks */,
				BF3766DA25B86DF10034C20A /* libabsl_cord.a in Frameworks */,
				BF37671E25B86DF10034C20A /* libabsl_log_severity.a in Frameworks */,
				BF3766E025B86DF10034C20A /* libabsl_demangle_internal.a in Frameworks */,
				BF37671225B86DF10034C20A /* libgrpc++_unsecure.a in Frameworks */,
				BF3766E225B86DF10034C20A /* libabsl_symbolize.a in Frameworks */,
				BF3766FA25B86DF10034C20A /* libgrpcpp_channelz.a in Frameworks */,
				BF37672225B86DF10034C20A /* libabsl_hashtablez_sampler.a in Frameworks */,
				BF37670C25B86DF10034C20A /* libabsl_spinlock_wait.a in Frameworks */,
				BF90A4C125A270A80069D611 /* OsiriXAPI.framework in Frameworks */,
				BF3766CC25B86DF10034C20A /* libabsl_malloc_internal.a in Frameworks */,
				BF3766CE25B86DF10034C20A /* libabsl_stacktrace.a in Frameworks */,
				BF37670025B86DF10034C20A /* libabsl_exponential_biased.a in Frameworks */,
				BF37671825B86DF10034C20A /* libgpr.a in Frameworks */,
				BF3766E825B86DF10034C20A /* libaddress_sorting.a in Frameworks */,
				BF37672425B86DF10034C20A /* libabsl_bad_optional_access.a in Frameworks */,
				BF3766D625B86DF10034C20A /* libabsl_hash.a in Frameworks */,
				BF37670A25B86DF10034C20A /* libgrpc++_alts.a in Frameworks */,
				BF37672025B86DF10034C20A /* libprotoc.a in Frameworks */,
				BF37670825B86DF10034C20A /* libgrpc_plugin_support.a in Frameworks */,
				BF3766DE25B86DF10034C20A /* libgrpc++.a in Frameworks */,
				BF3766F425B86DF10034C20A /* libabsl_dynamic_annotations.a in Frameworks */,
				BF37671425B86DF10034C20A /* libabsl_int128.a in Frameworks */,
				BF37670425B86DF10034C20A /* libabsl_raw_hash_set.a in Frameworks */,
				BF3766EC25B86DF10034C20A /* libgrpc_unsecure.a in Frameworks */,
				BF3766E625B86DF10034C20A /* libabsl_throw_delegate.a in Frameworks */,
				BF3766CA25B86DF10034C20A /* libre2.a in Frameworks */,
				BF3766D025B86DF10034C20A /* libabsl_raw_logging_internal.a in Frameworks */,
			);
			runOnlyForDeploymentPostprocessing = 0;
		};
/* End PBXFrameworksBuildPhase section */

/* Begin PBXGroup section */
		089C166AFE841209C02AAC07 /* MyNewPlugin */ = {
			isa = PBXGroup;
			children = (
				08FB77AFFE84173DC02AAC07 /* Classes */,
				32C88E010371C26100C91783 /* Other Sources */,
				089C167CFE841241C02AAC07 /* Resources */,
				089C1671FE841209C02AAC07 /* Frameworks and Libraries */,
				BF6EFDA7258717FC0068543D /* Testing */,
				19C28FB8FE9D52D311CA2CBB /* Products */,
				BF1975C925698E20006C25B2 /* Frameworks */,
			);
			name = MyNewPlugin;
			sourceTree = "<group>";
		};
		089C1671FE841209C02AAC07 /* Frameworks and Libraries */ = {
			isa = PBXGroup;
			children = (
				BF37672B25B9BC4D0034C20A /* libquill.a */,
				BF3766C625B86DF10034C20A /* libabsl_bad_optional_access.a */,
				BF3766A925B86DF00034C20A /* libabsl_bad_variant_access.a */,
				BF37669D25B86DEF0034C20A /* libabsl_base.a */,
				BF3766B525B86DF00034C20A /* libabsl_city.a */,
				BF3766B325B86DF00034C20A /* libabsl_civil_time.a */,
				BF3766A125B86DEF0034C20A /* libabsl_cord.a */,
				BF3766AF25B86DF00034C20A /* libabsl_debugging_internal.a */,
				BF3766A425B86DEF0034C20A /* libabsl_demangle_internal.a */,
				BF3766AE25B86DF00034C20A /* libabsl_dynamic_annotations.a */,
				BF3766B425B86DF00034C20A /* libabsl_exponential_biased.a */,
				BF37669E25B86DEF0034C20A /* libabsl_graphcycles_internal.a */,
				BF37669F25B86DEF0034C20A /* libabsl_hash.a */,
				BF3766C525B86DF10034C20A /* libabsl_hashtablez_sampler.a */,
				BF3766BE25B86DF10034C20A /* libabsl_int128.a */,
				BF3766C325B86DF10034C20A /* libabsl_log_severity.a */,
				BF37669A25B86DEF0034C20A /* libabsl_malloc_internal.a */,
				BF3766B625B86DF00034C20A /* libabsl_raw_hash_set.a */,
				BF37669C25B86DEF0034C20A /* libabsl_raw_logging_internal.a */,
				BF3766BA25B86DF10034C20A /* libabsl_spinlock_wait.a */,
				BF37669B25B86DEF0034C20A /* libabsl_stacktrace.a */,
				BF3766A625B86DEF0034C20A /* libabsl_status.a */,
				BF3766B225B86DF00034C20A /* libabsl_str_format_internal.a */,
				BF3766BF25B86DF10034C20A /* libabsl_strings_internal.a */,
				BF37669825B86DEF0034C20A /* libabsl_strings.a */,
				BF3766A525B86DEF0034C20A /* libabsl_symbolize.a */,
				BF3766B025B86DF00034C20A /* libabsl_synchronization.a */,
				BF3766A725B86DEF0034C20A /* libabsl_throw_delegate.a */,
				BF3766C725B86DF10034C20A /* libabsl_time_zone.a */,
				BF3766B725B86DF00034C20A /* libabsl_time.a */,
				BF3766A825B86DF00034C20A /* libaddress_sorting.a */,
				BF3766A025B86DEF0034C20A /* libcares.a */,
				BF3766AB25B86DF00034C20A /* libcrypto.a */,
				BF3766C025B86DF10034C20A /* libgpr.a */,
				BF3766B825B86DF00034C20A /* libgrpc_plugin_support.a */,
				BF3766AA25B86DF00034C20A /* libgrpc_unsecure.a */,
				BF3766A225B86DEF0034C20A /* libgrpc.a */,
				BF3766B925B86DF00034C20A /* libgrpc++_alts.a */,
				BF3766BB25B86DF10034C20A /* libgrpc++_error_details.a */,
				BF3766BC25B86DF10034C20A /* libgrpc++_reflection.a */,
				BF3766BD25B86DF10034C20A /* libgrpc++_unsecure.a */,
				BF3766A325B86DEF0034C20A /* libgrpc++.a */,
				BF3766B125B86DF00034C20A /* libgrpcpp_channelz.a */,
				BF3766AC25B86DF00034C20A /* libprotobuf.a */,
				BF3766C425B86DF10034C20A /* libprotoc.a */,
				BF37669925B86DEF0034C20A /* libre2.a */,
				BF3766AD25B86DF00034C20A /* libssl.a */,
				BF3766C125B86DF10034C20A /* libupb.a */,
				BF3766C225B86DF10034C20A /* libz.a */,
				BFF84EED25AF5E1700726A17 /* libpng16.dylib */,
				8420023112E829A200E1E9CE /* OsiriXAPI.framework */,
				1058C7ACFEA557BF11CA2CBB /* Linked Frameworks */,
				1058C7AEFEA557BF11CA2CBB /* Other Frameworks */,
			);
			name = "Frameworks and Libraries";
			sourceTree = "<group>";
		};
		089C167CFE841241C02AAC07 /* Resources */ = {
			isa = PBXGroup;
			children = (
				BF6EFDA12586BF5E0068543D /* pyosirix.png */,
				8D5B49B7048680CD000E48DA /* Info.plist */,
				089C167DFE841241C02AAC07 /* InfoPlist.strings */,
			);
			name = Resources;
			sourceTree = "<group>";
		};
		08FB77AFFE84173DC02AAC07 /* Classes */ = {
			isa = PBXGroup;
			children = (
				BF4FD4D125742DCA00246D66 /* Console */,
				AB2C26750677B0C400A08910 /* pyOsiriXIIFilter */,
			);
			name = Classes;
			sourceTree = "<group>";
		};
		1058C7ACFEA557BF11CA2CBB /* Linked Frameworks */ = {
			isa = PBXGroup;
			children = (
				1058C7ADFEA557BF11CA2CBB /* Cocoa.framework */,
			);
			name = "Linked Frameworks";
			sourceTree = "<group>";
		};
		1058C7AEFEA557BF11CA2CBB /* Other Frameworks */ = {
			isa = PBXGroup;
			children = (
				089C1672FE841209C02AAC07 /* Foundation.framework */,
				089C167FFE841241C02AAC07 /* AppKit.framework */,
			);
			name = "Other Frameworks";
			sourceTree = "<group>";
		};
		19C28FB8FE9D52D311CA2CBB /* Products */ = {
			isa = PBXGroup;
			children = (
				BF2BF056258447E5008EA8FE /* ConsoleApp.app */,
				BF2BF068258447E8008EA8FE /* ConsoleAppTests.xctest */,
				BF2BF073258447E8008EA8FE /* ConsoleAppUITests.xctest */,
				BF90A4D525A270A80069D611 /* grpyHoros.osirixplugin */,
			);
			name = Products;
			sourceTree = "<group>";
		};
		32C88E010371C26100C91783 /* Other Sources */ = {
			isa = PBXGroup;
			children = (
				32DBCF630370AF2F00C91783 /* grpyOsiriX_Prefix.pch */,
			);
			name = "Other Sources";
			sourceTree = "<group>";
		};
		AB2C26750677B0C400A08910 /* pyOsiriXIIFilter */ = {
			isa = PBXGroup;
			children = (
				BF19754B2562F340006C25B2 /* rpc */,
				ABA48A640680BB600089EB4F /* grpyOsiriXFilter.h */,
				BF1975432562E0F6006C25B2 /* grpyOsiriXFilter.mm */,
				BF2BF09C258451E2008EA8FE /* ServerManager.h */,
				BF2BF092258451B1008EA8FE /* ServerManager.mm */,
			);
			name = pyOsiriXIIFilter;
			sourceTree = "<group>";
		};
		BF19754B2562F340006C25B2 /* rpc */ = {
			isa = PBXGroup;
			children = (
				BF4FD571257868DC00246D66 /* ServerAdaptor.h */,
				BFFEA16E25C2FC5100D8A44A /* roi.pb.cc */,
				BFFEA16F25C2FC5100D8A44A /* roi.pb.h */,
				BF4FD53025751EA700246D66 /* horos.pb.h */,
				BF4FD52E25751EA700246D66 /* horos.pb.cc */,
				BF4FD52F25751EA700246D66 /* horos.grpc.pb.h */,
				BF4FD52C25751EA700246D66 /* horos.grpc.pb.cc */,
				BF4FD54C25768EC500246D66 /* HorosServer.h */,
				BF4FD54D25768EC500246D66 /* HorosServer.mm */,
			);
			name = rpc;
			sourceTree = "<group>";
		};
		BF1975C925698E20006C25B2 /* Frameworks */ = {
			isa = PBXGroup;
			children = (
			);
			name = Frameworks;
			sourceTree = "<group>";
		};
		BF2BF057258447E5008EA8FE /* ConsoleApp */ = {
			isa = PBXGroup;
			children = (
				BF6EFD1B25847ED00068543D /* MockPyOsiriXIIFilter.h */,
				BF6EFD1A25847ED00068543D /* MockPyOsiriXIIFilter.mm */,
				BF2BF0B425846192008EA8FE /* AppController.h */,
				BF2BF0B325846192008EA8FE /* AppController.mm */,
				BF2BF058258447E5008EA8FE /* AppDelegate.h */,
				BF2BF059258447E5008EA8FE /* AppDelegate.m */,
				BF2BF05B258447E8008EA8FE /* Assets.xcassets */,
				BF2BF05D258447E8008EA8FE /* MainMenu.xib */,
				BF2BF060258447E8008EA8FE /* Info.plist */,
				BF2BF061258447E8008EA8FE /* main.m */,
			);
			path = ConsoleApp;
			sourceTree = "<group>";
		};
		BF2BF06B258447E8008EA8FE /* ConsoleAppTests */ = {
			isa = PBXGroup;
			children = (
				BF2BF06C258447E8008EA8FE /* ConsoleAppTests.m */,
				BF2BF06E258447E8008EA8FE /* Info.plist */,
			);
			path = ConsoleAppTests;
			sourceTree = "<group>";
		};
		BF2BF076258447E9008EA8FE /* ConsoleAppUITests */ = {
			isa = PBXGroup;
			children = (
				BF2BF077258447E9008EA8FE /* ConsoleAppUITests.m */,
				BF2BF079258447E9008EA8FE /* Info.plist */,
			);
			path = ConsoleAppUITests;
			sourceTree = "<group>";
		};
		BF4FD4D125742DCA00246D66 /* Console */ = {
			isa = PBXGroup;
			children = (
				BF4FD4DA2574432B00246D66 /* ConsoleController.h */,
				BF4FD54025759DF100246D66 /* ConsoleController.mm */,
				BF4FD4DC2574432B00246D66 /* ConsoleController.xib */,
			);
			path = Console;
			sourceTree = "<group>";
		};
		BF6EFDA7258717FC0068543D /* Testing */ = {
			isa = PBXGroup;
			children = (
				BF2BF057258447E5008EA8FE /* ConsoleApp */,
				BF2BF06B258447E8008EA8FE /* ConsoleAppTests */,
				BF2BF076258447E9008EA8FE /* ConsoleAppUITests */,
			);
			path = Testing;
			sourceTree = "<group>";
		};
/* End PBXGroup section */

/* Begin PBXHeadersBuildPhase section */
		BF90A48725A270A80069D611 /* Headers */ = {
			isa = PBXHeadersBuildPhase;
			buildActionMask = 2147483647;
			files = (
				BF90A48825A270A80069D611 /* grpyOsiriX_Prefix.pch in Headers */,
				BF90A48925A270A80069D611 /* horos.grpc.pb.h in Headers */,
				BF90A48A25A270A80069D611 /* HorosServer.h in Headers */,
				BF90A48B25A270A80069D611 /* ServerAdaptor.h in Headers */,
				BF90A48C25A270A80069D611 /* horos.pb.h in Headers */,
				BF90A48D25A270A80069D611 /* ConsoleController.h in Headers */,
				BF90A48E25A270A80069D611 /* grpyOsiriXFilter.h in Headers */,
				BF90A48F25A270A80069D611 /* ServerManager.h in Headers */,
				BFFEA17125C2FC5100D8A44A /* roi.pb.h in Headers */,
			);
			runOnlyForDeploymentPostprocessing = 0;
		};
/* End PBXHeadersBuildPhase section */

/* Begin PBXNativeTarget section */
		BF2BF055258447E5008EA8FE /* ConsoleApp */ = {
			isa = PBXNativeTarget;
			buildConfigurationList = BF2BF07A258447E9008EA8FE /* Build configuration list for PBXNativeTarget "ConsoleApp" */;
			buildPhases = (
				BF2BF052258447E5008EA8FE /* Sources */,
				BF2BF053258447E5008EA8FE /* Frameworks */,
				BF2BF054258447E5008EA8FE /* Resources */,
				BF6EFD01258470590068543D /* CopyFiles */,
			);
			buildRules = (
			);
			dependencies = (
			);
			name = ConsoleApp;
			productName = ConsoleApp;
			productReference = BF2BF056258447E5008EA8FE /* ConsoleApp.app */;
			productType = "com.apple.product-type.application";
		};
		BF2BF067258447E8008EA8FE /* ConsoleAppTests */ = {
			isa = PBXNativeTarget;
			buildConfigurationList = BF2BF07D258447E9008EA8FE /* Build configuration list for PBXNativeTarget "ConsoleAppTests" */;
			buildPhases = (
				BF2BF064258447E8008EA8FE /* Sources */,
				BF2BF065258447E8008EA8FE /* Frameworks */,
				BF2BF066258447E8008EA8FE /* Resources */,
			);
			buildRules = (
			);
			dependencies = (
				BF2BF06A258447E8008EA8FE /* PBXTargetDependency */,
			);
			name = ConsoleAppTests;
			productName = ConsoleAppTests;
			productReference = BF2BF068258447E8008EA8FE /* ConsoleAppTests.xctest */;
			productType = "com.apple.product-type.bundle.unit-test";
		};
		BF2BF072258447E8008EA8FE /* ConsoleAppUITests */ = {
			isa = PBXNativeTarget;
			buildConfigurationList = BF2BF080258447E9008EA8FE /* Build configuration list for PBXNativeTarget "ConsoleAppUITests" */;
			buildPhases = (
				BF2BF06F258447E8008EA8FE /* Sources */,
				BF2BF070258447E8008EA8FE /* Frameworks */,
				BF2BF071258447E8008EA8FE /* Resources */,
			);
			buildRules = (
			);
			dependencies = (
				BF2BF075258447E9008EA8FE /* PBXTargetDependency */,
			);
			name = ConsoleAppUITests;
			productName = ConsoleAppUITests;
			productReference = BF2BF073258447E8008EA8FE /* ConsoleAppUITests.xctest */;
			productType = "com.apple.product-type.bundle.ui-testing";
		};
		BF90A48625A270A80069D611 /* grpyHoros */ = {
			isa = PBXNativeTarget;
			buildConfigurationList = BF90A4D225A270A80069D611 /* Build configuration list for PBXNativeTarget "grpyHoros" */;
			buildPhases = (
				BF90A48725A270A80069D611 /* Headers */,
				BF90A49025A270A80069D611 /* Resources */,
				BF90A49325A270A80069D611 /* Sources */,
				BF90A49A25A270A80069D611 /* Frameworks */,
				BF90A4D025A270A80069D611 /* Rez */,
				BF90A4D125A270A80069D611 /* CopyFiles */,
			);
			buildRules = (
			);
			dependencies = (
			);
			name = grpyHoros;
			productInstallPath = "$(HOME)/Library/Bundles";
			productName = Invert;
			productReference = BF90A4D525A270A80069D611 /* grpyHoros.osirixplugin */;
			productType = "com.apple.product-type.bundle";
		};
/* End PBXNativeTarget section */

/* Begin PBXProject section */
		089C1669FE841209C02AAC07 /* Project object */ = {
			isa = PBXProject;
			attributes = {
				TargetAttributes = {
					BF2BF055258447E5008EA8FE = {
						CreatedOnToolsVersion = 12.1;
						ProvisioningStyle = Automatic;
					};
					BF2BF067258447E8008EA8FE = {
						CreatedOnToolsVersion = 12.1;
						ProvisioningStyle = Automatic;
						TestTargetID = BF2BF055258447E5008EA8FE;
					};
					BF2BF072258447E8008EA8FE = {
						CreatedOnToolsVersion = 12.1;
						ProvisioningStyle = Automatic;
						TestTargetID = BF2BF055258447E5008EA8FE;
					};
				};
			};
			buildConfigurationList = CE6A9A9408AC841300D0C1EE /* Build configuration list for PBXProject "pyOsiriXII" */;
			compatibilityVersion = "Xcode 3.2";
			developmentRegion = English;
			hasScannedForEncodings = 1;
			knownRegions = (
				English,
				Japanese,
				French,
				German,
				Base,
			);
			mainGroup = 089C166AFE841209C02AAC07 /* MyNewPlugin */;
			projectDirPath = "";
			projectRoot = "";
			targets = (
				BF90A48625A270A80069D611 /* grpyHoros */,
				BF2BF055258447E5008EA8FE /* ConsoleApp */,
				BF2BF067258447E8008EA8FE /* ConsoleAppTests */,
				BF2BF072258447E8008EA8FE /* ConsoleAppUITests */,
			);
		};
/* End PBXProject section */

/* Begin PBXResourcesBuildPhase section */
		BF2BF054258447E5008EA8FE /* Resources */ = {
			isa = PBXResourcesBuildPhase;
			buildActionMask = 2147483647;
			files = (
				BF6EFCCB25846B390068543D /* ConsoleController.xib in Resources */,
				BF2BF05C258447E8008EA8FE /* Assets.xcassets in Resources */,
				BF6EFDA22586BF5E0068543D /* pyosirix.png in Resources */,
				BF2BF05F258447E8008EA8FE /* MainMenu.xib in Resources */,
			);
			runOnlyForDeploymentPostprocessing = 0;
		};
		BF2BF066258447E8008EA8FE /* Resources */ = {
			isa = PBXResourcesBuildPhase;
			buildActionMask = 2147483647;
			files = (
			);
			runOnlyForDeploymentPostprocessing = 0;
		};
		BF2BF071258447E8008EA8FE /* Resources */ = {
			isa = PBXResourcesBuildPhase;
			buildActionMask = 2147483647;
			files = (
			);
			runOnlyForDeploymentPostprocessing = 0;
		};
		BF90A49025A270A80069D611 /* Resources */ = {
			isa = PBXResourcesBuildPhase;
			buildActionMask = 2147483647;
			files = (
				BF90A49125A270A80069D611 /* ConsoleController.xib in Resources */,
				BF90A49225A270A80069D611 /* InfoPlist.strings in Resources */,
			);
			runOnlyForDeploymentPostprocessing = 0;
		};
/* End PBXResourcesBuildPhase section */

/* Begin PBXRezBuildPhase section */
		BF90A4D025A270A80069D611 /* Rez */ = {
			isa = PBXRezBuildPhase;
			buildActionMask = 2147483647;
			files = (
			);
			runOnlyForDeploymentPostprocessing = 0;
		};
/* End PBXRezBuildPhase section */

/* Begin PBXSourcesBuildPhase section */
		BF2BF052258447E5008EA8FE /* Sources */ = {
			isa = PBXSourcesBuildPhase;
			buildActionMask = 2147483647;
			files = (
				BF6EFD1C25847ED00068543D /* MockPyOsiriXIIFilter.mm in Sources */,
				BFFEA17E25C4814C00D8A44A /* roi.pb.cc in Sources */,
				BF2BF062258447E8008EA8FE /* main.m in Sources */,
				BF6EFCB725846B160068543D /* HorosServer.mm in Sources */,
				BF2BF0B525846192008EA8FE /* AppController.mm in Sources */,
				BF6EFD252584F4210068543D /* ServerManager.mm in Sources */,
				BF6EFCC625846B340068543D /* ConsoleController.mm in Sources */,
				BF6EFCBC25846B1D0068543D /* horos.grpc.pb.cc in Sources */,
				BF2BF05A258447E5008EA8FE /* AppDelegate.m in Sources */,
				BF6EFCC125846B210068543D /* horos.pb.cc in Sources */,
			);
			runOnlyForDeploymentPostprocessing = 0;
		};
		BF2BF064258447E8008EA8FE /* Sources */ = {
			isa = PBXSourcesBuildPhase;
			buildActionMask = 2147483647;
			files = (
				BF2BF06D258447E8008EA8FE /* ConsoleAppTests.m in Sources */,
			);
			runOnlyForDeploymentPostprocessing = 0;
		};
		BF2BF06F258447E8008EA8FE /* Sources */ = {
			isa = PBXSourcesBuildPhase;
			buildActionMask = 2147483647;
			files = (
				BF2BF078258447E9008EA8FE /* ConsoleAppUITests.m in Sources */,
			);
			runOnlyForDeploymentPostprocessing = 0;
		};
		BF90A49325A270A80069D611 /* Sources */ = {
			isa = PBXSourcesBuildPhase;
			buildActionMask = 2147483647;
			files = (
				BFFEA17025C2FC5100D8A44A /* roi.pb.cc in Sources */,
				BF90A49425A270A80069D611 /* grpyOsiriXFilter.mm in Sources */,
				BF90A49525A270A80069D611 /* HorosServer.mm in Sources */,
				BF90A49625A270A80069D611 /* ConsoleController.mm in Sources */,
				BF90A49725A270A80069D611 /* horos.grpc.pb.cc in Sources */,
				BF90A49825A270A80069D611 /* ServerManager.mm in Sources */,
				BF90A49925A270A80069D611 /* horos.pb.cc in Sources */,
			);
			runOnlyForDeploymentPostprocessing = 0;
		};
/* End PBXSourcesBuildPhase section */

/* Begin PBXTargetDependency section */
		BF2BF06A258447E8008EA8FE /* PBXTargetDependency */ = {
			isa = PBXTargetDependency;
			target = BF2BF055258447E5008EA8FE /* ConsoleApp */;
			targetProxy = BF2BF069258447E8008EA8FE /* PBXContainerItemProxy */;
		};
		BF2BF075258447E9008EA8FE /* PBXTargetDependency */ = {
			isa = PBXTargetDependency;
			target = BF2BF055258447E5008EA8FE /* ConsoleApp */;
			targetProxy = BF2BF074258447E9008EA8FE /* PBXContainerItemProxy */;
		};
/* End PBXTargetDependency section */

/* Begin PBXVariantGroup section */
		089C167DFE841241C02AAC07 /* InfoPlist.strings */ = {
			isa = PBXVariantGroup;
			children = (
				089C167EFE841241C02AAC07 /* English */,
			);
			name = InfoPlist.strings;
			sourceTree = "<group>";
		};
		BF2BF05D258447E8008EA8FE /* MainMenu.xib */ = {
			isa = PBXVariantGroup;
			children = (
				BF2BF05E258447E8008EA8FE /* Base */,
			);
			name = MainMenu.xib;
			sourceTree = "<group>";
		};
/* End PBXVariantGroup section */

/* Begin XCBuildConfiguration section */
		BF2BF07B258447E9008EA8FE /* Development */ = {
			isa = XCBuildConfiguration;
			buildSettings = {
				ALWAYS_SEARCH_USER_PATHS = YES;
				ASSETCATALOG_COMPILER_APPICON_NAME = AppIcon;
				ASSETCATALOG_COMPILER_GLOBAL_ACCENT_COLOR_NAME = AccentColor;
				CLANG_ANALYZER_NONNULL = YES;
				CLANG_ANALYZER_NUMBER_OBJECT_CONVERSION = YES_AGGRESSIVE;
				CLANG_CXX_LANGUAGE_STANDARD = "gnu++14";
				CLANG_CXX_LIBRARY = "libc++";
				CLANG_ENABLE_MODULES = YES;
				CLANG_ENABLE_OBJC_ARC = NO;
				CLANG_ENABLE_OBJC_WEAK = YES;
				CLANG_WARN_BLOCK_CAPTURE_AUTORELEASING = YES;
				CLANG_WARN_BOOL_CONVERSION = YES;
				CLANG_WARN_COMMA = YES;
				CLANG_WARN_CONSTANT_CONVERSION = YES;
				CLANG_WARN_DEPRECATED_OBJC_IMPLEMENTATIONS = YES;
				CLANG_WARN_DIRECT_OBJC_ISA_USAGE = YES_ERROR;
				CLANG_WARN_DOCUMENTATION_COMMENTS = YES;
				CLANG_WARN_EMPTY_BODY = YES;
				CLANG_WARN_ENUM_CONVERSION = YES;
				CLANG_WARN_INFINITE_RECURSION = YES;
				CLANG_WARN_INT_CONVERSION = YES;
				CLANG_WARN_NON_LITERAL_NULL_CONVERSION = YES;
				CLANG_WARN_OBJC_IMPLICIT_RETAIN_SELF = YES;
				CLANG_WARN_OBJC_LITERAL_CONVERSION = YES;
				CLANG_WARN_OBJC_ROOT_CLASS = YES_ERROR;
				CLANG_WARN_QUOTED_INCLUDE_IN_FRAMEWORK_HEADER = YES;
				CLANG_WARN_RANGE_LOOP_ANALYSIS = YES;
				CLANG_WARN_STRICT_PROTOTYPES = YES;
				CLANG_WARN_SUSPICIOUS_MOVE = YES;
				CLANG_WARN_UNGUARDED_AVAILABILITY = YES_AGGRESSIVE;
				CLANG_WARN_UNREACHABLE_CODE = YES;
				CLANG_WARN__DUPLICATE_METHOD_MATCH = YES;
				CODE_SIGN_ENTITLEMENTS = ConsoleApp/ConsoleApp.entitlements;
				CODE_SIGN_STYLE = Automatic;
				COMBINE_HIDPI_IMAGES = YES;
				COPY_PHASE_STRIP = NO;
				CURRENT_PROJECT_VERSION = 0.2.1;
				DEBUG_INFORMATION_FORMAT = dwarf;
				ENABLE_STRICT_OBJC_MSGSEND = YES;
				ENABLE_TESTABILITY = YES;
				FRAMEWORK_SEARCH_PATHS = (
					"$(inherited)",
					"$(PROJECT_DIR)/**",
					"\"$(SRCROOT)\"/**",
				);
				GCC_C_LANGUAGE_STANDARD = gnu11;
				GCC_DYNAMIC_NO_PIC = NO;
				GCC_NO_COMMON_BLOCKS = YES;
				GCC_OPTIMIZATION_LEVEL = 0;
				GCC_PREPROCESSOR_DEFINITIONS = (
					"DEBUG=1",
					"$(inherited)",
				);
				GCC_WARN_64_TO_32_BIT_CONVERSION = YES;
				GCC_WARN_ABOUT_RETURN_TYPE = YES_ERROR;
				GCC_WARN_UNDECLARED_SELECTOR = YES;
				GCC_WARN_UNINITIALIZED_AUTOS = YES_AGGRESSIVE;
				GCC_WARN_UNUSED_FUNCTION = YES;
				GCC_WARN_UNUSED_VARIABLE = YES;
				HEADER_SEARCH_PATHS = (
					"$(PROJECT_DIR)/grpc-1.34/include",
					"/usr/local/Cellar/png++/0.2.10/include",
					/usr/local/Cellar/libpng/1.6.37/include,
				);
				INFOPLIST_FILE = Testing/ConsoleApp/Info.plist;
				LD_RUNPATH_SEARCH_PATHS = "$(inherited) @executable_path/../Frameworks";
				LIBRARY_SEARCH_PATHS = (
					"$(inherited)",
					"$(PROJECT_DIR)",
					"$(PROJECT_DIR)/grpc_libs",
					"$(PROJECT_DIR)/grpc-1.34/grpc_libs",
				);
				MACOSX_DEPLOYMENT_TARGET = 10.15;
				MARKETING_VERSION = 0.2.1;
				MTL_ENABLE_DEBUG_INFO = INCLUDE_SOURCE;
				MTL_FAST_MATH = YES;
				ONLY_ACTIVE_ARCH = YES;
				PRODUCT_BUNDLE_IDENTIFIER = uk.ac.icr.ConsoleApp;
				PRODUCT_NAME = "$(TARGET_NAME)";
				SDKROOT = macosx;
				VERSIONING_SYSTEM = "apple-generic";
			};
			name = Development;
		};
		BF2BF07C258447E9008EA8FE /* Deployment */ = {
			isa = XCBuildConfiguration;
			buildSettings = {
				ALWAYS_SEARCH_USER_PATHS = YES;
				ASSETCATALOG_COMPILER_APPICON_NAME = AppIcon;
				ASSETCATALOG_COMPILER_GLOBAL_ACCENT_COLOR_NAME = AccentColor;
				CLANG_ANALYZER_NONNULL = YES;
				CLANG_ANALYZER_NUMBER_OBJECT_CONVERSION = YES_AGGRESSIVE;
				CLANG_CXX_LANGUAGE_STANDARD = "gnu++14";
				CLANG_CXX_LIBRARY = "libc++";
				CLANG_ENABLE_MODULES = YES;
				CLANG_ENABLE_OBJC_ARC = NO;
				CLANG_ENABLE_OBJC_WEAK = YES;
				CLANG_WARN_BLOCK_CAPTURE_AUTORELEASING = YES;
				CLANG_WARN_BOOL_CONVERSION = YES;
				CLANG_WARN_COMMA = YES;
				CLANG_WARN_CONSTANT_CONVERSION = YES;
				CLANG_WARN_DEPRECATED_OBJC_IMPLEMENTATIONS = YES;
				CLANG_WARN_DIRECT_OBJC_ISA_USAGE = YES_ERROR;
				CLANG_WARN_DOCUMENTATION_COMMENTS = YES;
				CLANG_WARN_EMPTY_BODY = YES;
				CLANG_WARN_ENUM_CONVERSION = YES;
				CLANG_WARN_INFINITE_RECURSION = YES;
				CLANG_WARN_INT_CONVERSION = YES;
				CLANG_WARN_NON_LITERAL_NULL_CONVERSION = YES;
				CLANG_WARN_OBJC_IMPLICIT_RETAIN_SELF = YES;
				CLANG_WARN_OBJC_LITERAL_CONVERSION = YES;
				CLANG_WARN_OBJC_ROOT_CLASS = YES_ERROR;
				CLANG_WARN_QUOTED_INCLUDE_IN_FRAMEWORK_HEADER = YES;
				CLANG_WARN_RANGE_LOOP_ANALYSIS = YES;
				CLANG_WARN_STRICT_PROTOTYPES = YES;
				CLANG_WARN_SUSPICIOUS_MOVE = YES;
				CLANG_WARN_UNGUARDED_AVAILABILITY = YES_AGGRESSIVE;
				CLANG_WARN_UNREACHABLE_CODE = YES;
				CLANG_WARN__DUPLICATE_METHOD_MATCH = YES;
				CODE_SIGN_ENTITLEMENTS = ConsoleApp/ConsoleApp.entitlements;
				CODE_SIGN_STYLE = Automatic;
				COMBINE_HIDPI_IMAGES = YES;
				COPY_PHASE_STRIP = NO;
				CURRENT_PROJECT_VERSION = 0.2.1;
				DEBUG_INFORMATION_FORMAT = "dwarf-with-dsym";
				ENABLE_NS_ASSERTIONS = NO;
				ENABLE_STRICT_OBJC_MSGSEND = YES;
				FRAMEWORK_SEARCH_PATHS = (
					"$(inherited)",
					"$(PROJECT_DIR)/**",
					"\"$(SRCROOT)\"/**",
				);
				GCC_C_LANGUAGE_STANDARD = gnu11;
				GCC_NO_COMMON_BLOCKS = YES;
				GCC_WARN_64_TO_32_BIT_CONVERSION = YES;
				GCC_WARN_ABOUT_RETURN_TYPE = YES_ERROR;
				GCC_WARN_UNDECLARED_SELECTOR = YES;
				GCC_WARN_UNINITIALIZED_AUTOS = YES_AGGRESSIVE;
				GCC_WARN_UNUSED_FUNCTION = YES;
				GCC_WARN_UNUSED_VARIABLE = YES;
				HEADER_SEARCH_PATHS = (
					"$(PROJECT_DIR)/grpc-1.34/include",
					"/usr/local/Cellar/png++/0.2.10/include",
					/usr/local/Cellar/libpng/1.6.37/include,
				);
				INFOPLIST_FILE = Testing/ConsoleApp/Info.plist;
				LD_RUNPATH_SEARCH_PATHS = "$(inherited) @executable_path/../Frameworks";
				LIBRARY_SEARCH_PATHS = (
					"$(inherited)",
					"$(PROJECT_DIR)",
					"$(PROJECT_DIR)/grpc_libs",
					"$(PROJECT_DIR)/grpc-1.34/grpc_libs",
				);
				MACOSX_DEPLOYMENT_TARGET = 10.15;
				MARKETING_VERSION = 0.2.1;
				MTL_ENABLE_DEBUG_INFO = NO;
				MTL_FAST_MATH = YES;
				PRODUCT_BUNDLE_IDENTIFIER = uk.ac.icr.ConsoleApp;
				PRODUCT_NAME = "$(TARGET_NAME)";
				SDKROOT = macosx;
				VERSIONING_SYSTEM = "apple-generic";
			};
			name = Deployment;
		};
		BF2BF07E258447E9008EA8FE /* Development */ = {
			isa = XCBuildConfiguration;
			buildSettings = {
				ALWAYS_SEARCH_USER_PATHS = NO;
				BUNDLE_LOADER = "$(TEST_HOST)";
				CLANG_ANALYZER_NONNULL = YES;
				CLANG_ANALYZER_NUMBER_OBJECT_CONVERSION = YES_AGGRESSIVE;
				CLANG_CXX_LANGUAGE_STANDARD = "gnu++14";
				CLANG_CXX_LIBRARY = "libc++";
				CLANG_ENABLE_MODULES = YES;
				CLANG_ENABLE_OBJC_ARC = YES;
				CLANG_ENABLE_OBJC_WEAK = YES;
				CLANG_WARN_BLOCK_CAPTURE_AUTORELEASING = YES;
				CLANG_WARN_BOOL_CONVERSION = YES;
				CLANG_WARN_COMMA = YES;
				CLANG_WARN_CONSTANT_CONVERSION = YES;
				CLANG_WARN_DEPRECATED_OBJC_IMPLEMENTATIONS = YES;
				CLANG_WARN_DIRECT_OBJC_ISA_USAGE = YES_ERROR;
				CLANG_WARN_DOCUMENTATION_COMMENTS = YES;
				CLANG_WARN_EMPTY_BODY = YES;
				CLANG_WARN_ENUM_CONVERSION = YES;
				CLANG_WARN_INFINITE_RECURSION = YES;
				CLANG_WARN_INT_CONVERSION = YES;
				CLANG_WARN_NON_LITERAL_NULL_CONVERSION = YES;
				CLANG_WARN_OBJC_IMPLICIT_RETAIN_SELF = YES;
				CLANG_WARN_OBJC_LITERAL_CONVERSION = YES;
				CLANG_WARN_OBJC_ROOT_CLASS = YES_ERROR;
				CLANG_WARN_QUOTED_INCLUDE_IN_FRAMEWORK_HEADER = YES;
				CLANG_WARN_RANGE_LOOP_ANALYSIS = YES;
				CLANG_WARN_STRICT_PROTOTYPES = YES;
				CLANG_WARN_SUSPICIOUS_MOVE = YES;
				CLANG_WARN_UNGUARDED_AVAILABILITY = YES_AGGRESSIVE;
				CLANG_WARN_UNREACHABLE_CODE = YES;
				CLANG_WARN__DUPLICATE_METHOD_MATCH = YES;
				CODE_SIGN_STYLE = Automatic;
				COMBINE_HIDPI_IMAGES = YES;
				COPY_PHASE_STRIP = NO;
				DEBUG_INFORMATION_FORMAT = dwarf;
				ENABLE_STRICT_OBJC_MSGSEND = YES;
				ENABLE_TESTABILITY = YES;
				GCC_C_LANGUAGE_STANDARD = gnu11;
				GCC_DYNAMIC_NO_PIC = NO;
				GCC_NO_COMMON_BLOCKS = YES;
				GCC_OPTIMIZATION_LEVEL = 0;
				GCC_PREPROCESSOR_DEFINITIONS = (
					"DEBUG=1",
					"$(inherited)",
				);
				GCC_WARN_64_TO_32_BIT_CONVERSION = YES;
				GCC_WARN_ABOUT_RETURN_TYPE = YES_ERROR;
				GCC_WARN_UNDECLARED_SELECTOR = YES;
				GCC_WARN_UNINITIALIZED_AUTOS = YES_AGGRESSIVE;
				GCC_WARN_UNUSED_FUNCTION = YES;
				GCC_WARN_UNUSED_VARIABLE = YES;
				INFOPLIST_FILE = ConsoleAppTests/Info.plist;
				LD_RUNPATH_SEARCH_PATHS = "$(inherited) @executable_path/../Frameworks @loader_path/../Frameworks";
				MACOSX_DEPLOYMENT_TARGET = 10.15;
				MTL_ENABLE_DEBUG_INFO = INCLUDE_SOURCE;
				MTL_FAST_MATH = YES;
				ONLY_ACTIVE_ARCH = YES;
				PRODUCT_BUNDLE_IDENTIFIER = uk.ac.icr.ConsoleAppTests;
				PRODUCT_NAME = "$(TARGET_NAME)";
				SDKROOT = macosx;
				TEST_HOST = "$(BUILT_PRODUCTS_DIR)/ConsoleApp.app/Contents/MacOS/ConsoleApp";
			};
			name = Development;
		};
		BF2BF07F258447E9008EA8FE /* Deployment */ = {
			isa = XCBuildConfiguration;
			buildSettings = {
				ALWAYS_SEARCH_USER_PATHS = NO;
				BUNDLE_LOADER = "$(TEST_HOST)";
				CLANG_ANALYZER_NONNULL = YES;
				CLANG_ANALYZER_NUMBER_OBJECT_CONVERSION = YES_AGGRESSIVE;
				CLANG_CXX_LANGUAGE_STANDARD = "gnu++14";
				CLANG_CXX_LIBRARY = "libc++";
				CLANG_ENABLE_MODULES = YES;
				CLANG_ENABLE_OBJC_ARC = YES;
				CLANG_ENABLE_OBJC_WEAK = YES;
				CLANG_WARN_BLOCK_CAPTURE_AUTORELEASING = YES;
				CLANG_WARN_BOOL_CONVERSION = YES;
				CLANG_WARN_COMMA = YES;
				CLANG_WARN_CONSTANT_CONVERSION = YES;
				CLANG_WARN_DEPRECATED_OBJC_IMPLEMENTATIONS = YES;
				CLANG_WARN_DIRECT_OBJC_ISA_USAGE = YES_ERROR;
				CLANG_WARN_DOCUMENTATION_COMMENTS = YES;
				CLANG_WARN_EMPTY_BODY = YES;
				CLANG_WARN_ENUM_CONVERSION = YES;
				CLANG_WARN_INFINITE_RECURSION = YES;
				CLANG_WARN_INT_CONVERSION = YES;
				CLANG_WARN_NON_LITERAL_NULL_CONVERSION = YES;
				CLANG_WARN_OBJC_IMPLICIT_RETAIN_SELF = YES;
				CLANG_WARN_OBJC_LITERAL_CONVERSION = YES;
				CLANG_WARN_OBJC_ROOT_CLASS = YES_ERROR;
				CLANG_WARN_QUOTED_INCLUDE_IN_FRAMEWORK_HEADER = YES;
				CLANG_WARN_RANGE_LOOP_ANALYSIS = YES;
				CLANG_WARN_STRICT_PROTOTYPES = YES;
				CLANG_WARN_SUSPICIOUS_MOVE = YES;
				CLANG_WARN_UNGUARDED_AVAILABILITY = YES_AGGRESSIVE;
				CLANG_WARN_UNREACHABLE_CODE = YES;
				CLANG_WARN__DUPLICATE_METHOD_MATCH = YES;
				CODE_SIGN_STYLE = Automatic;
				COMBINE_HIDPI_IMAGES = YES;
				COPY_PHASE_STRIP = NO;
				DEBUG_INFORMATION_FORMAT = "dwarf-with-dsym";
				ENABLE_NS_ASSERTIONS = NO;
				ENABLE_STRICT_OBJC_MSGSEND = YES;
				GCC_C_LANGUAGE_STANDARD = gnu11;
				GCC_NO_COMMON_BLOCKS = YES;
				GCC_WARN_64_TO_32_BIT_CONVERSION = YES;
				GCC_WARN_ABOUT_RETURN_TYPE = YES_ERROR;
				GCC_WARN_UNDECLARED_SELECTOR = YES;
				GCC_WARN_UNINITIALIZED_AUTOS = YES_AGGRESSIVE;
				GCC_WARN_UNUSED_FUNCTION = YES;
				GCC_WARN_UNUSED_VARIABLE = YES;
				INFOPLIST_FILE = ConsoleAppTests/Info.plist;
				LD_RUNPATH_SEARCH_PATHS = "$(inherited) @executable_path/../Frameworks @loader_path/../Frameworks";
				MACOSX_DEPLOYMENT_TARGET = 10.15;
				MTL_ENABLE_DEBUG_INFO = NO;
				MTL_FAST_MATH = YES;
				PRODUCT_BUNDLE_IDENTIFIER = uk.ac.icr.ConsoleAppTests;
				PRODUCT_NAME = "$(TARGET_NAME)";
				SDKROOT = macosx;
				TEST_HOST = "$(BUILT_PRODUCTS_DIR)/ConsoleApp.app/Contents/MacOS/ConsoleApp";
			};
			name = Deployment;
		};
		BF2BF081258447E9008EA8FE /* Development */ = {
			isa = XCBuildConfiguration;
			buildSettings = {
				ALWAYS_SEARCH_USER_PATHS = NO;
				CLANG_ANALYZER_NONNULL = YES;
				CLANG_ANALYZER_NUMBER_OBJECT_CONVERSION = YES_AGGRESSIVE;
				CLANG_CXX_LANGUAGE_STANDARD = "gnu++14";
				CLANG_CXX_LIBRARY = "libc++";
				CLANG_ENABLE_MODULES = YES;
				CLANG_ENABLE_OBJC_ARC = YES;
				CLANG_ENABLE_OBJC_WEAK = YES;
				CLANG_WARN_BLOCK_CAPTURE_AUTORELEASING = YES;
				CLANG_WARN_BOOL_CONVERSION = YES;
				CLANG_WARN_COMMA = YES;
				CLANG_WARN_CONSTANT_CONVERSION = YES;
				CLANG_WARN_DEPRECATED_OBJC_IMPLEMENTATIONS = YES;
				CLANG_WARN_DIRECT_OBJC_ISA_USAGE = YES_ERROR;
				CLANG_WARN_DOCUMENTATION_COMMENTS = YES;
				CLANG_WARN_EMPTY_BODY = YES;
				CLANG_WARN_ENUM_CONVERSION = YES;
				CLANG_WARN_INFINITE_RECURSION = YES;
				CLANG_WARN_INT_CONVERSION = YES;
				CLANG_WARN_NON_LITERAL_NULL_CONVERSION = YES;
				CLANG_WARN_OBJC_IMPLICIT_RETAIN_SELF = YES;
				CLANG_WARN_OBJC_LITERAL_CONVERSION = YES;
				CLANG_WARN_OBJC_ROOT_CLASS = YES_ERROR;
				CLANG_WARN_QUOTED_INCLUDE_IN_FRAMEWORK_HEADER = YES;
				CLANG_WARN_RANGE_LOOP_ANALYSIS = YES;
				CLANG_WARN_STRICT_PROTOTYPES = YES;
				CLANG_WARN_SUSPICIOUS_MOVE = YES;
				CLANG_WARN_UNGUARDED_AVAILABILITY = YES_AGGRESSIVE;
				CLANG_WARN_UNREACHABLE_CODE = YES;
				CLANG_WARN__DUPLICATE_METHOD_MATCH = YES;
				CODE_SIGN_STYLE = Automatic;
				COMBINE_HIDPI_IMAGES = YES;
				COPY_PHASE_STRIP = NO;
				DEBUG_INFORMATION_FORMAT = dwarf;
				ENABLE_STRICT_OBJC_MSGSEND = YES;
				ENABLE_TESTABILITY = YES;
				GCC_C_LANGUAGE_STANDARD = gnu11;
				GCC_DYNAMIC_NO_PIC = NO;
				GCC_NO_COMMON_BLOCKS = YES;
				GCC_OPTIMIZATION_LEVEL = 0;
				GCC_PREPROCESSOR_DEFINITIONS = (
					"DEBUG=1",
					"$(inherited)",
				);
				GCC_WARN_64_TO_32_BIT_CONVERSION = YES;
				GCC_WARN_ABOUT_RETURN_TYPE = YES_ERROR;
				GCC_WARN_UNDECLARED_SELECTOR = YES;
				GCC_WARN_UNINITIALIZED_AUTOS = YES_AGGRESSIVE;
				GCC_WARN_UNUSED_FUNCTION = YES;
				GCC_WARN_UNUSED_VARIABLE = YES;
				INFOPLIST_FILE = ConsoleAppUITests/Info.plist;
				LD_RUNPATH_SEARCH_PATHS = "$(inherited) @executable_path/../Frameworks @loader_path/../Frameworks";
				MACOSX_DEPLOYMENT_TARGET = 10.15;
				MTL_ENABLE_DEBUG_INFO = INCLUDE_SOURCE;
				MTL_FAST_MATH = YES;
				ONLY_ACTIVE_ARCH = YES;
				PRODUCT_BUNDLE_IDENTIFIER = uk.ac.icr.ConsoleAppUITests;
				PRODUCT_NAME = "$(TARGET_NAME)";
				SDKROOT = macosx;
				TEST_TARGET_NAME = ConsoleApp;
			};
			name = Development;
		};
		BF2BF082258447E9008EA8FE /* Deployment */ = {
			isa = XCBuildConfiguration;
			buildSettings = {
				ALWAYS_SEARCH_USER_PATHS = NO;
				CLANG_ANALYZER_NONNULL = YES;
				CLANG_ANALYZER_NUMBER_OBJECT_CONVERSION = YES_AGGRESSIVE;
				CLANG_CXX_LANGUAGE_STANDARD = "gnu++14";
				CLANG_CXX_LIBRARY = "libc++";
				CLANG_ENABLE_MODULES = YES;
				CLANG_ENABLE_OBJC_ARC = YES;
				CLANG_ENABLE_OBJC_WEAK = YES;
				CLANG_WARN_BLOCK_CAPTURE_AUTORELEASING = YES;
				CLANG_WARN_BOOL_CONVERSION = YES;
				CLANG_WARN_COMMA = YES;
				CLANG_WARN_CONSTANT_CONVERSION = YES;
				CLANG_WARN_DEPRECATED_OBJC_IMPLEMENTATIONS = YES;
				CLANG_WARN_DIRECT_OBJC_ISA_USAGE = YES_ERROR;
				CLANG_WARN_DOCUMENTATION_COMMENTS = YES;
				CLANG_WARN_EMPTY_BODY = YES;
				CLANG_WARN_ENUM_CONVERSION = YES;
				CLANG_WARN_INFINITE_RECURSION = YES;
				CLANG_WARN_INT_CONVERSION = YES;
				CLANG_WARN_NON_LITERAL_NULL_CONVERSION = YES;
				CLANG_WARN_OBJC_IMPLICIT_RETAIN_SELF = YES;
				CLANG_WARN_OBJC_LITERAL_CONVERSION = YES;
				CLANG_WARN_OBJC_ROOT_CLASS = YES_ERROR;
				CLANG_WARN_QUOTED_INCLUDE_IN_FRAMEWORK_HEADER = YES;
				CLANG_WARN_RANGE_LOOP_ANALYSIS = YES;
				CLANG_WARN_STRICT_PROTOTYPES = YES;
				CLANG_WARN_SUSPICIOUS_MOVE = YES;
				CLANG_WARN_UNGUARDED_AVAILABILITY = YES_AGGRESSIVE;
				CLANG_WARN_UNREACHABLE_CODE = YES;
				CLANG_WARN__DUPLICATE_METHOD_MATCH = YES;
				CODE_SIGN_STYLE = Automatic;
				COMBINE_HIDPI_IMAGES = YES;
				COPY_PHASE_STRIP = NO;
				DEBUG_INFORMATION_FORMAT = "dwarf-with-dsym";
				ENABLE_NS_ASSERTIONS = NO;
				ENABLE_STRICT_OBJC_MSGSEND = YES;
				GCC_C_LANGUAGE_STANDARD = gnu11;
				GCC_NO_COMMON_BLOCKS = YES;
				GCC_WARN_64_TO_32_BIT_CONVERSION = YES;
				GCC_WARN_ABOUT_RETURN_TYPE = YES_ERROR;
				GCC_WARN_UNDECLARED_SELECTOR = YES;
				GCC_WARN_UNINITIALIZED_AUTOS = YES_AGGRESSIVE;
				GCC_WARN_UNUSED_FUNCTION = YES;
				GCC_WARN_UNUSED_VARIABLE = YES;
				INFOPLIST_FILE = ConsoleAppUITests/Info.plist;
				LD_RUNPATH_SEARCH_PATHS = "$(inherited) @executable_path/../Frameworks @loader_path/../Frameworks";
				MACOSX_DEPLOYMENT_TARGET = 10.15;
				MTL_ENABLE_DEBUG_INFO = NO;
				MTL_FAST_MATH = YES;
				PRODUCT_BUNDLE_IDENTIFIER = uk.ac.icr.ConsoleAppUITests;
				PRODUCT_NAME = "$(TARGET_NAME)";
				SDKROOT = macosx;
				TEST_TARGET_NAME = ConsoleApp;
			};
			name = Deployment;
		};
		BF90A4D325A270A80069D611 /* Development */ = {
			isa = XCBuildConfiguration;
			buildSettings = {
				CLANG_CXX_LANGUAGE_STANDARD = "gnu++14";
				CLANG_CXX_LIBRARY = "compiler-default";
				CODE_SIGN_IDENTITY = "";
				COPY_PHASE_STRIP = NO;
				CURRENT_PROJECT_VERSION = 0.2.1;
				DEBUGGING_SYMBOLS = YES;
				FRAMEWORK_SEARCH_PATHS = (
					"$(inherited)",
					"\"$(SRCROOT)\"",
				);
				GCC_DYNAMIC_NO_PIC = NO;
				GCC_ENABLE_FIX_AND_CONTINUE = YES;
				GCC_ENABLE_TRIGRAPHS = NO;
				GCC_GENERATE_DEBUGGING_SYMBOLS = YES;
				GCC_OPTIMIZATION_LEVEL = 0;
				GCC_PRECOMPILE_PREFIX_HEADER = YES;
				GCC_PREFIX_HEADER = grpyOsiriX_Prefix.pch;
				GCC_WARN_FOUR_CHARACTER_CONSTANTS = NO;
				GCC_WARN_UNKNOWN_PRAGMAS = NO;
				HEADER_SEARCH_PATHS = (
					"$(PROJECT_DIR)/grpc-1.34/include",
					"$(PROJECT_DIR)/OsiriXAPI.framework/Headers",
					/Users/rholbrey/working/quill/install/include,
				);
				INFOPLIST_FILE = Info.plist;
				INSTALL_PATH = "@executable_path/../Plug-ins";
				LIBRARY_SEARCH_PATHS = (
					"$(PROJECT_DIR)",
					"$(PROJECT_DIR)/grpc-1.34/grpc_libs",
				);
				LIBRARY_STYLE = Bundle;
				MACOSX_DEPLOYMENT_TARGET = 10.15;
				MARKETING_VERSION = 0.2.1;
				OTHER_CFLAGS = "";
				OTHER_LDFLAGS = (
					"-undefined",
					dynamic_lookup,
				);
				OTHER_REZFLAGS = "";
				PRODUCT_BUNDLE_IDENTIFIER = grpyHoros;
				PRODUCT_NAME = "$(TARGET_NAME)";
				SDKROOT = macosx;
				SECTORDER_FLAGS = "";
				VERSIONING_SYSTEM = agvtool;
				WARNING_CFLAGS = (
					"-Wmost",
					"-Wno-four-char-constants",
					"-Wno-unknown-pragmas",
				);
				WRAPPER_EXTENSION = osirixplugin;
				ZERO_LINK = NO;
			};
			name = Development;
		};
		BF90A4D425A270A80069D611 /* Deployment */ = {
			isa = XCBuildConfiguration;
			buildSettings = {
				CLANG_CXX_LANGUAGE_STANDARD = "gnu++14";
				CLANG_CXX_LIBRARY = "compiler-default";
				CODE_SIGN_IDENTITY = "";
				COPY_PHASE_STRIP = YES;
				CURRENT_PROJECT_VERSION = 0.2.1;
				FRAMEWORK_SEARCH_PATHS = (
					"$(inherited)",
					"\"$(SRCROOT)\"",
				);
				GCC_ENABLE_FIX_AND_CONTINUE = NO;
				GCC_ENABLE_TRIGRAPHS = NO;
				GCC_PRECOMPILE_PREFIX_HEADER = YES;
				GCC_PREFIX_HEADER = grpyOsiriX_Prefix.pch;
				GCC_WARN_FOUR_CHARACTER_CONSTANTS = NO;
				GCC_WARN_UNKNOWN_PRAGMAS = NO;
				HEADER_SEARCH_PATHS = (
					"$(PROJECT_DIR)/grpc-1.34/include",
					"$(PROJECT_DIR)/OsiriXAPI.framework/Headers",
					/Users/rholbrey/working/quill/install/include,
				);
				INFOPLIST_FILE = Info.plist;
				INSTALL_PATH = "@executable_path/../Plug-ins";
				LIBRARY_SEARCH_PATHS = (
					"$(PROJECT_DIR)",
					"$(PROJECT_DIR)/grpc-1.34/grpc_libs",
				);
				LIBRARY_STYLE = Bundle;
				MACOSX_DEPLOYMENT_TARGET = 10.15;
				MARKETING_VERSION = 0.2.1;
				OTHER_CFLAGS = "";
				OTHER_LDFLAGS = (
					"-undefined",
					dynamic_lookup,
				);
				OTHER_REZFLAGS = "";
				PRODUCT_BUNDLE_IDENTIFIER = grpyHoros;
				PRODUCT_NAME = "$(TARGET_NAME)";
				SDKROOT = macosx;
				SECTORDER_FLAGS = "";
				VERSIONING_SYSTEM = agvtool;
				WARNING_CFLAGS = (
					"-Wmost",
					"-Wno-four-char-constants",
					"-Wno-unknown-pragmas",
				);
				WRAPPER_EXTENSION = osirixplugin;
				ZERO_LINK = NO;
			};
			name = Deployment;
		};
		CE6A9A9508AC841300D0C1EE /* Development */ = {
			isa = XCBuildConfiguration;
			buildSettings = {
				ARCHS = "$(ARCHS_STANDARD_64_BIT)";
				CLANG_CXX_LANGUAGE_STANDARD = "gnu++14";
				CLANG_CXX_LIBRARY = "compiler-default";
				CURRENT_PROJECT_VERSION = 0;
				MACOSX_DEPLOYMENT_TARGET = 10.15;
				ONLY_ACTIVE_ARCH = YES;
				SDKROOT = macosx;
				VERSIONING_SYSTEM = "apple-generic";
			};
			name = Development;
		};
		CE6A9A9608AC841300D0C1EE /* Deployment */ = {
			isa = XCBuildConfiguration;
			buildSettings = {
				ARCHS = "$(ARCHS_STANDARD_64_BIT)";
				CLANG_CXX_LANGUAGE_STANDARD = "gnu++14";
				CLANG_CXX_LIBRARY = "compiler-default";
				CURRENT_PROJECT_VERSION = 0;
				MACOSX_DEPLOYMENT_TARGET = 10.15;
				ONLY_ACTIVE_ARCH = YES;
				SDKROOT = macosx;
				VERSIONING_SYSTEM = "apple-generic";
			};
			name = Deployment;
		};
/* End XCBuildConfiguration section */

/* Begin XCConfigurationList section */
		BF2BF07A258447E9008EA8FE /* Build configuration list for PBXNativeTarget "ConsoleApp" */ = {
			isa = XCConfigurationList;
			buildConfigurations = (
				BF2BF07B258447E9008EA8FE /* Development */,
				BF2BF07C258447E9008EA8FE /* Deployment */,
			);
			defaultConfigurationIsVisible = 0;
			defaultConfigurationName = Development;
		};
		BF2BF07D258447E9008EA8FE /* Build configuration list for PBXNativeTarget "ConsoleAppTests" */ = {
			isa = XCConfigurationList;
			buildConfigurations = (
				BF2BF07E258447E9008EA8FE /* Development */,
				BF2BF07F258447E9008EA8FE /* Deployment */,
			);
			defaultConfigurationIsVisible = 0;
			defaultConfigurationName = Development;
		};
		BF2BF080258447E9008EA8FE /* Build configuration list for PBXNativeTarget "ConsoleAppUITests" */ = {
			isa = XCConfigurationList;
			buildConfigurations = (
				BF2BF081258447E9008EA8FE /* Development */,
				BF2BF082258447E9008EA8FE /* Deployment */,
			);
			defaultConfigurationIsVisible = 0;
			defaultConfigurationName = Development;
		};
		BF90A4D225A270A80069D611 /* Build configuration list for PBXNativeTarget "grpyHoros" */ = {
			isa = XCConfigurationList;
			buildConfigurations = (
				BF90A4D325A270A80069D611 /* Development */,
				BF90A4D425A270A80069D611 /* Deployment */,
			);
			defaultConfigurationIsVisible = 0;
			defaultConfigurationName = Development;
		};
		CE6A9A9408AC841300D0C1EE /* Build configuration list for PBXProject "pyOsiriXII" */ = {
			isa = XCConfigurationList;
			buildConfigurations = (
				CE6A9A9508AC841300D0C1EE /* Development */,
				CE6A9A9608AC841300D0C1EE /* Deployment */,
			);
			defaultConfigurationIsVisible = 0;
			defaultConfigurationName = Development;
		};
/* End XCConfigurationList section */
	};
	rootObject = 089C1669FE841209C02AAC07 /* Project object */;
}
